// !$*UTF8*$!
{
	archiveVersion = 1;
	classes = {
	};
	objectVersion = 46;
	objects = {

/* Begin PBXBuildFile section */
		04971CF41AA381B400AE1F6E /* BurnabyCampus-sm.png in Resources */ = {isa = PBXBuildFile; fileRef = 04971CF11AA381B400AE1F6E /* BurnabyCampus-sm.png */; };
		04971CF51AA381B400AE1F6E /* SurreyCampus-sm.png in Resources */ = {isa = PBXBuildFile; fileRef = 04971CF21AA381B400AE1F6E /* SurreyCampus-sm.png */; };
		04971CF61AA381B400AE1F6E /* VancouverCampus-sm.png in Resources */ = {isa = PBXBuildFile; fileRef = 04971CF31AA381B400AE1F6E /* VancouverCampus-sm.png */; };
		04971CF91AA383EA00AE1F6E /* CampusContactsViewController.m in Sources */ = {isa = PBXBuildFile; fileRef = 04971CF81AA383EA00AE1F6E /* CampusContactsViewController.m */; };
		04971D471AA389F600AE1F6E /* Contacts - dial.png in Resources */ = {isa = PBXBuildFile; fileRef = 04971D441AA389F600AE1F6E /* Contacts - dial.png */; };
		04971D481AA389F600AE1F6E /* Contacts - email.png in Resources */ = {isa = PBXBuildFile; fileRef = 04971D451AA389F600AE1F6E /* Contacts - email.png */; };
		04971D491AA389F600AE1F6E /* Contacts - Weblink.png in Resources */ = {isa = PBXBuildFile; fileRef = 04971D461AA389F600AE1F6E /* Contacts - Weblink.png */; };
		B01BE6721A8D425E0013D9EA /* Foundation.framework in Frameworks */ = {isa = PBXBuildFile; fileRef = B01BE6711A8D425E0013D9EA /* Foundation.framework */; };
		B01BE6741A8D425E0013D9EA /* CoreGraphics.framework in Frameworks */ = {isa = PBXBuildFile; fileRef = B01BE6731A8D425E0013D9EA /* CoreGraphics.framework */; };
		B01BE6761A8D425E0013D9EA /* UIKit.framework in Frameworks */ = {isa = PBXBuildFile; fileRef = B01BE6751A8D425E0013D9EA /* UIKit.framework */; };
		B01BE67C1A8D425E0013D9EA /* InfoPlist.strings in Resources */ = {isa = PBXBuildFile; fileRef = B01BE67A1A8D425E0013D9EA /* InfoPlist.strings */; };
		B01BE67E1A8D425E0013D9EA /* main.m in Sources */ = {isa = PBXBuildFile; fileRef = B01BE67D1A8D425E0013D9EA /* main.m */; };
		B01BE6821A8D425E0013D9EA /* AppDelegate.m in Sources */ = {isa = PBXBuildFile; fileRef = B01BE6811A8D425E0013D9EA /* AppDelegate.m */; };
		B01BE6851A8D425E0013D9EA /* Main.storyboard in Resources */ = {isa = PBXBuildFile; fileRef = B01BE6831A8D425E0013D9EA /* Main.storyboard */; };
		B01BE68D1A8D425E0013D9EA /* Images.xcassets in Resources */ = {isa = PBXBuildFile; fileRef = B01BE68C1A8D425E0013D9EA /* Images.xcassets */; };
		B01BE6941A8D425F0013D9EA /* XCTest.framework in Frameworks */ = {isa = PBXBuildFile; fileRef = B01BE6931A8D425F0013D9EA /* XCTest.framework */; };
		B01BE6951A8D425F0013D9EA /* Foundation.framework in Frameworks */ = {isa = PBXBuildFile; fileRef = B01BE6711A8D425E0013D9EA /* Foundation.framework */; };
		B01BE6961A8D425F0013D9EA /* UIKit.framework in Frameworks */ = {isa = PBXBuildFile; fileRef = B01BE6751A8D425E0013D9EA /* UIKit.framework */; };
		B01BE69E1A8D425F0013D9EA /* InfoPlist.strings in Resources */ = {isa = PBXBuildFile; fileRef = B01BE69C1A8D425F0013D9EA /* InfoPlist.strings */; };
		B01BE6A01A8D425F0013D9EA /* SFUnavappTests.m in Sources */ = {isa = PBXBuildFile; fileRef = B01BE69F1A8D425F0013D9EA /* SFUnavappTests.m */; };
		B01BE6B71A8D4E8A0013D9EA /* ServicesTableViewController.m in Sources */ = {isa = PBXBuildFile; fileRef = B01BE6B61A8D4E8A0013D9EA /* ServicesTableViewController.m */; };
		B080DB471AA6BD7900C3F403 /* FloorPlanTableViewController.m in Sources */ = {isa = PBXBuildFile; fileRef = B080DB461AA6BD7900C3F403 /* FloorPlanTableViewController.m */; };
		B080DB4A1AA6BDCC00C3F403 /* BuildingObject.m in Sources */ = {isa = PBXBuildFile; fileRef = B080DB491AA6BDCC00C3F403 /* BuildingObject.m */; };
		B0859CAF1AACDA3300DA0A4D /* Campus_Map(half res).png in Resources */ = {isa = PBXBuildFile; fileRef = B0859CAE1AACDA3300DA0A4D /* Campus_Map(half res).png */; };
		B0A5B71C1AAA165D00F0F42F /* Library_floorplan.png in Resources */ = {isa = PBXBuildFile; fileRef = B0A5B71B1AAA165D00F0F42F /* Library_floorplan.png */; };
		B0B0FC601A9F8AE700BE6964 /* BusRouteStorage.m in Sources */ = {isa = PBXBuildFile; fileRef = B0B0FC5F1A9F8AE700BE6964 /* BusRouteStorage.m */; };
		B0DDA5331AAA63860027A81D /* AboutUsViewController.m in Sources */ = {isa = PBXBuildFile; fileRef = B0DDA5321AAA63860027A81D /* AboutUsViewController.m */; };
		B0F981E51AAAAC4E00F9370E /* MessageUI.framework in Frameworks */ = {isa = PBXBuildFile; fileRef = B0F981E41AAAAC4E00F9370E /* MessageUI.framework */; };
		B0FC019F1AA7C86900F67493 /* FloorImageViewController.m in Sources */ = {isa = PBXBuildFile; fileRef = B0FC019E1AA7C86900F67493 /* FloorImageViewController.m */; };
		B0FC32751A956FFB00900E3A /* TransitTableViewController.m in Sources */ = {isa = PBXBuildFile; fileRef = B0FC32741A956FFB00900E3A /* TransitTableViewController.m */; };
		D27E32741A984E1A00004735 /* TFHpple.m in Sources */ = {isa = PBXBuildFile; fileRef = D27E326F1A984E1A00004735 /* TFHpple.m */; };
		D27E32751A984E1A00004735 /* TFHppleElement.m in Sources */ = {isa = PBXBuildFile; fileRef = D27E32711A984E1A00004735 /* TFHppleElement.m */; };
		D27E32761A984E1A00004735 /* XPathQuery.m in Sources */ = {isa = PBXBuildFile; fileRef = D27E32731A984E1A00004735 /* XPathQuery.m */; };
		D27E32781A984EC900004735 /* libxml2.dylib in Frameworks */ = {isa = PBXBuildFile; fileRef = D27E32771A984EC900004735 /* libxml2.dylib */; };
		D27E327B1A984EF900004735 /* Campus.m in Sources */ = {isa = PBXBuildFile; fileRef = D27E327A1A984EF900004735 /* Campus.m */; };
		D2DB94D61AA912C800501DD7 /* Blusson_floorplan.png in Resources */ = {isa = PBXBuildFile; fileRef = D2DB94D51AA912C800501DD7 /* Blusson_floorplan.png */; };
		D2EBC4521AA9744C007540DE /* WeatherTableViewController.m in Sources */ = {isa = PBXBuildFile; fileRef = D2EBC4511AA9744C007540DE /* WeatherTableViewController.m */; };
		DC566CBB1AA66ED1006AA2D9 /* Buildings_coord.plist in Resources */ = {isa = PBXBuildFile; fileRef = DC566CBA1AA66ED1006AA2D9 /* Buildings_coord.plist */; };
		DC566CBD1AA66F48006AA2D9 /* Buildings_name.plist in Resources */ = {isa = PBXBuildFile; fileRef = DC566CBC1AA66F48006AA2D9 /* Buildings_name.plist */; };
		DC566CBF1AA670DF006AA2D9 /* map-Campus-01.png in Resources */ = {isa = PBXBuildFile; fileRef = DC566CBE1AA670DF006AA2D9 /* map-Campus-01.png */; };
		DC566CC21AA67135006AA2D9 /* MTImageMapView.m in Sources */ = {isa = PBXBuildFile; fileRef = DC566CC11AA67135006AA2D9 /* MTImageMapView.m */; };
		DC566CC61AA67308006AA2D9 /* MapViewController.m in Sources */ = {isa = PBXBuildFile; fileRef = DC566CC51AA67308006AA2D9 /* MapViewController.m */; };
		DC566CCE1AA68328006AA2D9 /* Campus_Map.png in Resources */ = {isa = PBXBuildFile; fileRef = DC566CCD1AA68328006AA2D9 /* Campus_Map.png */; };
		DC566CD01AA6A1D0006AA2D9 /* SystemConfiguration.framework in Frameworks */ = {isa = PBXBuildFile; fileRef = DC566CCF1AA6A1D0006AA2D9 /* SystemConfiguration.framework */; };
		DC566CD31AA6A44B006AA2D9 /* Reachability.m in Sources */ = {isa = PBXBuildFile; fileRef = DC566CD21AA6A44B006AA2D9 /* Reachability.m */; };
		DC807F9D1A905E55008CA3DC /* ServicesURL.m in Sources */ = {isa = PBXBuildFile; fileRef = DC807F9C1A905E55008CA3DC /* ServicesURL.m */; };
		DC807FA01A905F5A008CA3DC /* ServicesWebViewController.m in Sources */ = {isa = PBXBuildFile; fileRef = DC807F9F1A905F5A008CA3DC /* ServicesWebViewController.m */; };
		DC86567C1A97162E00D908C9 /* AQNorth.html in Resources */ = {isa = PBXBuildFile; fileRef = DC86567B1A97162E00D908C9 /* AQNorth.html */; };
		DC86567E1A97163500D908C9 /* AQSouthWest.html in Resources */ = {isa = PBXBuildFile; fileRef = DC86567D1A97163500D908C9 /* AQSouthWest.html */; };
		DC8656881A97164C00D908C9 /* ConvocationMall.html in Resources */ = {isa = PBXBuildFile; fileRef = DC86567F1A97164C00D908C9 /* ConvocationMall.html */; };
		DC8656891A97164C00D908C9 /* Gaglardi.html in Resources */ = {isa = PBXBuildFile; fileRef = DC8656801A97164C00D908C9 /* Gaglardi.html */; };
		DC86568A1A97164C00D908C9 /* UniversityDriveNorth.html in Resources */ = {isa = PBXBuildFile; fileRef = DC8656811A97164C00D908C9 /* UniversityDriveNorth.html */; };
		DC86568C1A97164C00D908C9 /* Webcam.m in Sources */ = {isa = PBXBuildFile; fileRef = DC8656851A97164C00D908C9 /* Webcam.m */; };
		DC86568D1A97164C00D908C9 /* WebcamWebViewController.m in Sources */ = {isa = PBXBuildFile; fileRef = DC8656871A97164C00D908C9 /* WebcamWebViewController.m */; };
/* End PBXBuildFile section */

/* Begin PBXContainerItemProxy section */
		B01BE6971A8D425F0013D9EA /* PBXContainerItemProxy */ = {
			isa = PBXContainerItemProxy;
			containerPortal = B01BE6661A8D425E0013D9EA /* Project object */;
			proxyType = 1;
			remoteGlobalIDString = B01BE66D1A8D425E0013D9EA;
			remoteInfo = SFUnavapp;
		};
/* End PBXContainerItemProxy section */

/* Begin PBXFileReference section */
		04971CF11AA381B400AE1F6E /* BurnabyCampus-sm.png */ = {isa = PBXFileReference; lastKnownFileType = image.png; path = "BurnabyCampus-sm.png"; sourceTree = "<group>"; };
		04971CF21AA381B400AE1F6E /* SurreyCampus-sm.png */ = {isa = PBXFileReference; lastKnownFileType = image.png; path = "SurreyCampus-sm.png"; sourceTree = "<group>"; };
		04971CF31AA381B400AE1F6E /* VancouverCampus-sm.png */ = {isa = PBXFileReference; lastKnownFileType = image.png; path = "VancouverCampus-sm.png"; sourceTree = "<group>"; };
		04971CF71AA383EA00AE1F6E /* CampusContactsViewController.h */ = {isa = PBXFileReference; fileEncoding = 4; lastKnownFileType = sourcecode.c.h; path = CampusContactsViewController.h; sourceTree = "<group>"; };
		04971CF81AA383EA00AE1F6E /* CampusContactsViewController.m */ = {isa = PBXFileReference; fileEncoding = 4; lastKnownFileType = sourcecode.c.objc; path = CampusContactsViewController.m; sourceTree = "<group>"; };
		04971D441AA389F600AE1F6E /* Contacts - dial.png */ = {isa = PBXFileReference; lastKnownFileType = image.png; path = "Contacts - dial.png"; sourceTree = "<group>"; };
		04971D451AA389F600AE1F6E /* Contacts - email.png */ = {isa = PBXFileReference; lastKnownFileType = image.png; path = "Contacts - email.png"; sourceTree = "<group>"; };
		04971D461AA389F600AE1F6E /* Contacts - Weblink.png */ = {isa = PBXFileReference; lastKnownFileType = image.png; path = "Contacts - Weblink.png"; sourceTree = "<group>"; };
		B01BE66E1A8D425E0013D9EA /* SFUnavapp.app */ = {isa = PBXFileReference; explicitFileType = wrapper.application; includeInIndex = 0; path = SFUnavapp.app; sourceTree = BUILT_PRODUCTS_DIR; };
		B01BE6711A8D425E0013D9EA /* Foundation.framework */ = {isa = PBXFileReference; lastKnownFileType = wrapper.framework; name = Foundation.framework; path = System/Library/Frameworks/Foundation.framework; sourceTree = SDKROOT; };
		B01BE6731A8D425E0013D9EA /* CoreGraphics.framework */ = {isa = PBXFileReference; lastKnownFileType = wrapper.framework; name = CoreGraphics.framework; path = System/Library/Frameworks/CoreGraphics.framework; sourceTree = SDKROOT; };
		B01BE6751A8D425E0013D9EA /* UIKit.framework */ = {isa = PBXFileReference; lastKnownFileType = wrapper.framework; name = UIKit.framework; path = System/Library/Frameworks/UIKit.framework; sourceTree = SDKROOT; };
		B01BE6791A8D425E0013D9EA /* SFUnavapp-Info.plist */ = {isa = PBXFileReference; lastKnownFileType = text.plist.xml; path = "SFUnavapp-Info.plist"; sourceTree = "<group>"; };
		B01BE67B1A8D425E0013D9EA /* en */ = {isa = PBXFileReference; lastKnownFileType = text.plist.strings; name = en; path = en.lproj/InfoPlist.strings; sourceTree = "<group>"; };
		B01BE67D1A8D425E0013D9EA /* main.m */ = {isa = PBXFileReference; lastKnownFileType = sourcecode.c.objc; path = main.m; sourceTree = "<group>"; };
		B01BE67F1A8D425E0013D9EA /* SFUnavapp-Prefix.pch */ = {isa = PBXFileReference; lastKnownFileType = sourcecode.c.h; path = "SFUnavapp-Prefix.pch"; sourceTree = "<group>"; };
		B01BE6801A8D425E0013D9EA /* AppDelegate.h */ = {isa = PBXFileReference; lastKnownFileType = sourcecode.c.h; path = AppDelegate.h; sourceTree = "<group>"; };
		B01BE6811A8D425E0013D9EA /* AppDelegate.m */ = {isa = PBXFileReference; lastKnownFileType = sourcecode.c.objc; path = AppDelegate.m; sourceTree = "<group>"; };
		B01BE6841A8D425E0013D9EA /* Base */ = {isa = PBXFileReference; lastKnownFileType = file.storyboard; name = Base; path = Base.lproj/Main.storyboard; sourceTree = "<group>"; };
		B01BE68C1A8D425E0013D9EA /* Images.xcassets */ = {isa = PBXFileReference; lastKnownFileType = folder.assetcatalog; path = Images.xcassets; sourceTree = "<group>"; };
		B01BE6921A8D425F0013D9EA /* SFUnavappTests.xctest */ = {isa = PBXFileReference; explicitFileType = wrapper.cfbundle; includeInIndex = 0; path = SFUnavappTests.xctest; sourceTree = BUILT_PRODUCTS_DIR; };
		B01BE6931A8D425F0013D9EA /* XCTest.framework */ = {isa = PBXFileReference; lastKnownFileType = wrapper.framework; name = XCTest.framework; path = Library/Frameworks/XCTest.framework; sourceTree = DEVELOPER_DIR; };
		B01BE69B1A8D425F0013D9EA /* SFUnavappTests-Info.plist */ = {isa = PBXFileReference; lastKnownFileType = text.plist.xml; path = "SFUnavappTests-Info.plist"; sourceTree = "<group>"; };
		B01BE69D1A8D425F0013D9EA /* en */ = {isa = PBXFileReference; lastKnownFileType = text.plist.strings; name = en; path = en.lproj/InfoPlist.strings; sourceTree = "<group>"; };
		B01BE69F1A8D425F0013D9EA /* SFUnavappTests.m */ = {isa = PBXFileReference; lastKnownFileType = sourcecode.c.objc; path = SFUnavappTests.m; sourceTree = "<group>"; };
		B01BE6B51A8D4E8A0013D9EA /* ServicesTableViewController.h */ = {isa = PBXFileReference; fileEncoding = 4; lastKnownFileType = sourcecode.c.h; path = ServicesTableViewController.h; sourceTree = "<group>"; };
		B01BE6B61A8D4E8A0013D9EA /* ServicesTableViewController.m */ = {isa = PBXFileReference; fileEncoding = 4; lastKnownFileType = sourcecode.c.objc; path = ServicesTableViewController.m; sourceTree = "<group>"; };
		B080DB451AA6BD7900C3F403 /* FloorPlanTableViewController.h */ = {isa = PBXFileReference; fileEncoding = 4; lastKnownFileType = sourcecode.c.h; path = FloorPlanTableViewController.h; sourceTree = "<group>"; };
		B080DB461AA6BD7900C3F403 /* FloorPlanTableViewController.m */ = {isa = PBXFileReference; fileEncoding = 4; lastKnownFileType = sourcecode.c.objc; path = FloorPlanTableViewController.m; sourceTree = "<group>"; };
		B080DB481AA6BDCC00C3F403 /* BuildingObject.h */ = {isa = PBXFileReference; fileEncoding = 4; lastKnownFileType = sourcecode.c.h; path = BuildingObject.h; sourceTree = "<group>"; };
		B080DB491AA6BDCC00C3F403 /* BuildingObject.m */ = {isa = PBXFileReference; fileEncoding = 4; lastKnownFileType = sourcecode.c.objc; path = BuildingObject.m; sourceTree = "<group>"; };
		B0859CAE1AACDA3300DA0A4D /* Campus_Map(half res).png */ = {isa = PBXFileReference; lastKnownFileType = image.png; path = "Campus_Map(half res).png"; sourceTree = "<group>"; };
		B0A5B71B1AAA165D00F0F42F /* Library_floorplan.png */ = {isa = PBXFileReference; lastKnownFileType = image.png; name = Library_floorplan.png; path = SFUnavapp/Library_floorplan.png; sourceTree = SOURCE_ROOT; };
		B0B0FC5E1A9F8AE700BE6964 /* BusRouteStorage.h */ = {isa = PBXFileReference; fileEncoding = 4; lastKnownFileType = sourcecode.c.h; path = BusRouteStorage.h; sourceTree = "<group>"; };
		B0B0FC5F1A9F8AE700BE6964 /* BusRouteStorage.m */ = {isa = PBXFileReference; fileEncoding = 4; lastKnownFileType = sourcecode.c.objc; path = BusRouteStorage.m; sourceTree = "<group>"; };
		B0DDA5311AAA63860027A81D /* AboutUsViewController.h */ = {isa = PBXFileReference; fileEncoding = 4; lastKnownFileType = sourcecode.c.h; path = AboutUsViewController.h; sourceTree = "<group>"; };
		B0DDA5321AAA63860027A81D /* AboutUsViewController.m */ = {isa = PBXFileReference; fileEncoding = 4; lastKnownFileType = sourcecode.c.objc; path = AboutUsViewController.m; sourceTree = "<group>"; };
		B0F981E41AAAAC4E00F9370E /* MessageUI.framework */ = {isa = PBXFileReference; lastKnownFileType = wrapper.framework; name = MessageUI.framework; path = System/Library/Frameworks/MessageUI.framework; sourceTree = SDKROOT; };
		B0FC019D1AA7C86900F67493 /* FloorImageViewController.h */ = {isa = PBXFileReference; fileEncoding = 4; lastKnownFileType = sourcecode.c.h; path = FloorImageViewController.h; sourceTree = "<group>"; };
		B0FC019E1AA7C86900F67493 /* FloorImageViewController.m */ = {isa = PBXFileReference; fileEncoding = 4; lastKnownFileType = sourcecode.c.objc; path = FloorImageViewController.m; sourceTree = "<group>"; };
		B0FC32731A956FFB00900E3A /* TransitTableViewController.h */ = {isa = PBXFileReference; fileEncoding = 4; lastKnownFileType = sourcecode.c.h; path = TransitTableViewController.h; sourceTree = "<group>"; };
		B0FC32741A956FFB00900E3A /* TransitTableViewController.m */ = {isa = PBXFileReference; fileEncoding = 4; lastKnownFileType = sourcecode.c.objc; path = TransitTableViewController.m; sourceTree = "<group>"; };
		D27E326E1A984E1A00004735 /* TFHpple.h */ = {isa = PBXFileReference; fileEncoding = 4; lastKnownFileType = sourcecode.c.h; path = TFHpple.h; sourceTree = "<group>"; };
		D27E326F1A984E1A00004735 /* TFHpple.m */ = {isa = PBXFileReference; fileEncoding = 4; lastKnownFileType = sourcecode.c.objc; path = TFHpple.m; sourceTree = "<group>"; };
		D27E32701A984E1A00004735 /* TFHppleElement.h */ = {isa = PBXFileReference; fileEncoding = 4; lastKnownFileType = sourcecode.c.h; path = TFHppleElement.h; sourceTree = "<group>"; };
		D27E32711A984E1A00004735 /* TFHppleElement.m */ = {isa = PBXFileReference; fileEncoding = 4; lastKnownFileType = sourcecode.c.objc; path = TFHppleElement.m; sourceTree = "<group>"; };
		D27E32721A984E1A00004735 /* XPathQuery.h */ = {isa = PBXFileReference; fileEncoding = 4; lastKnownFileType = sourcecode.c.h; path = XPathQuery.h; sourceTree = "<group>"; };
		D27E32731A984E1A00004735 /* XPathQuery.m */ = {isa = PBXFileReference; fileEncoding = 4; lastKnownFileType = sourcecode.c.objc; path = XPathQuery.m; sourceTree = "<group>"; };
		D27E32771A984EC900004735 /* libxml2.dylib */ = {isa = PBXFileReference; lastKnownFileType = "compiled.mach-o.dylib"; name = libxml2.dylib; path = usr/lib/libxml2.dylib; sourceTree = SDKROOT; };
		D27E32791A984EF800004735 /* Campus.h */ = {isa = PBXFileReference; fileEncoding = 4; lastKnownFileType = sourcecode.c.h; path = Campus.h; sourceTree = "<group>"; };
		D27E327A1A984EF900004735 /* Campus.m */ = {isa = PBXFileReference; fileEncoding = 4; lastKnownFileType = sourcecode.c.objc; path = Campus.m; sourceTree = "<group>"; };
		D2DB94D51AA912C800501DD7 /* Blusson_floorplan.png */ = {isa = PBXFileReference; lastKnownFileType = image.png; path = Blusson_floorplan.png; sourceTree = "<group>"; };
		D2EBC4501AA9744C007540DE /* WeatherTableViewController.h */ = {isa = PBXFileReference; fileEncoding = 4; lastKnownFileType = sourcecode.c.h; path = WeatherTableViewController.h; sourceTree = "<group>"; };
		D2EBC4511AA9744C007540DE /* WeatherTableViewController.m */ = {isa = PBXFileReference; fileEncoding = 4; lastKnownFileType = sourcecode.c.objc; path = WeatherTableViewController.m; sourceTree = "<group>"; };
		DC566CBA1AA66ED1006AA2D9 /* Buildings_coord.plist */ = {isa = PBXFileReference; fileEncoding = 4; lastKnownFileType = text.plist.xml; path = Buildings_coord.plist; sourceTree = "<group>"; };
		DC566CBC1AA66F48006AA2D9 /* Buildings_name.plist */ = {isa = PBXFileReference; fileEncoding = 4; lastKnownFileType = text.plist.xml; path = Buildings_name.plist; sourceTree = "<group>"; };
		DC566CBE1AA670DF006AA2D9 /* map-Campus-01.png */ = {isa = PBXFileReference; lastKnownFileType = image.png; path = "map-Campus-01.png"; sourceTree = "<group>"; };
		DC566CC01AA67135006AA2D9 /* MTImageMapView.h */ = {isa = PBXFileReference; fileEncoding = 4; lastKnownFileType = sourcecode.c.h; path = MTImageMapView.h; sourceTree = "<group>"; };
		DC566CC11AA67135006AA2D9 /* MTImageMapView.m */ = {isa = PBXFileReference; fileEncoding = 4; lastKnownFileType = sourcecode.c.objc; path = MTImageMapView.m; sourceTree = "<group>"; };
		DC566CC41AA67308006AA2D9 /* MapViewController.h */ = {isa = PBXFileReference; fileEncoding = 4; lastKnownFileType = sourcecode.c.h; path = MapViewController.h; sourceTree = "<group>"; };
		DC566CC51AA67308006AA2D9 /* MapViewController.m */ = {isa = PBXFileReference; fileEncoding = 4; lastKnownFileType = sourcecode.c.objc; path = MapViewController.m; sourceTree = "<group>"; };
		DC566CCD1AA68328006AA2D9 /* Campus_Map.png */ = {isa = PBXFileReference; lastKnownFileType = image.png; path = Campus_Map.png; sourceTree = "<group>"; };
		DC566CCF1AA6A1D0006AA2D9 /* SystemConfiguration.framework */ = {isa = PBXFileReference; lastKnownFileType = wrapper.framework; name = SystemConfiguration.framework; path = System/Library/Frameworks/SystemConfiguration.framework; sourceTree = SDKROOT; };
		DC566CD11AA6A44B006AA2D9 /* Reachability.h */ = {isa = PBXFileReference; fileEncoding = 4; lastKnownFileType = sourcecode.c.h; path = Reachability.h; sourceTree = "<group>"; };
		DC566CD21AA6A44B006AA2D9 /* Reachability.m */ = {isa = PBXFileReference; fileEncoding = 4; lastKnownFileType = sourcecode.c.objc; path = Reachability.m; sourceTree = "<group>"; };
		DC807F9B1A905E55008CA3DC /* ServicesURL.h */ = {isa = PBXFileReference; fileEncoding = 4; lastKnownFileType = sourcecode.c.h; path = ServicesURL.h; sourceTree = "<group>"; };
		DC807F9C1A905E55008CA3DC /* ServicesURL.m */ = {isa = PBXFileReference; fileEncoding = 4; lastKnownFileType = sourcecode.c.objc; path = ServicesURL.m; sourceTree = "<group>"; };
		DC807F9E1A905F5A008CA3DC /* ServicesWebViewController.h */ = {isa = PBXFileReference; fileEncoding = 4; lastKnownFileType = sourcecode.c.h; path = ServicesWebViewController.h; sourceTree = "<group>"; };
		DC807F9F1A905F5A008CA3DC /* ServicesWebViewController.m */ = {isa = PBXFileReference; fileEncoding = 4; lastKnownFileType = sourcecode.c.objc; path = ServicesWebViewController.m; sourceTree = "<group>"; };
		DC86567B1A97162E00D908C9 /* AQNorth.html */ = {isa = PBXFileReference; fileEncoding = 4; lastKnownFileType = text.html; path = AQNorth.html; sourceTree = "<group>"; };
		DC86567D1A97163500D908C9 /* AQSouthWest.html */ = {isa = PBXFileReference; fileEncoding = 4; lastKnownFileType = text.html; path = AQSouthWest.html; sourceTree = "<group>"; };
		DC86567F1A97164C00D908C9 /* ConvocationMall.html */ = {isa = PBXFileReference; fileEncoding = 4; lastKnownFileType = text.html; path = ConvocationMall.html; sourceTree = "<group>"; };
		DC8656801A97164C00D908C9 /* Gaglardi.html */ = {isa = PBXFileReference; fileEncoding = 4; lastKnownFileType = text.html; path = Gaglardi.html; sourceTree = "<group>"; };
		DC8656811A97164C00D908C9 /* UniversityDriveNorth.html */ = {isa = PBXFileReference; fileEncoding = 4; lastKnownFileType = text.html; path = UniversityDriveNorth.html; sourceTree = "<group>"; };
		DC8656841A97164C00D908C9 /* Webcam.h */ = {isa = PBXFileReference; fileEncoding = 4; lastKnownFileType = sourcecode.c.h; path = Webcam.h; sourceTree = "<group>"; };
		DC8656851A97164C00D908C9 /* Webcam.m */ = {isa = PBXFileReference; fileEncoding = 4; lastKnownFileType = sourcecode.c.objc; path = Webcam.m; sourceTree = "<group>"; };
		DC8656861A97164C00D908C9 /* WebcamWebViewController.h */ = {isa = PBXFileReference; fileEncoding = 4; lastKnownFileType = sourcecode.c.h; path = WebcamWebViewController.h; sourceTree = "<group>"; };
		DC8656871A97164C00D908C9 /* WebcamWebViewController.m */ = {isa = PBXFileReference; fileEncoding = 4; lastKnownFileType = sourcecode.c.objc; path = WebcamWebViewController.m; sourceTree = "<group>"; };
/* End PBXFileReference section */

/* Begin PBXFrameworksBuildPhase section */
		B01BE66B1A8D425E0013D9EA /* Frameworks */ = {
			isa = PBXFrameworksBuildPhase;
			buildActionMask = 2147483647;
			files = (
				B0F981E51AAAAC4E00F9370E /* MessageUI.framework in Frameworks */,
				DC566CD01AA6A1D0006AA2D9 /* SystemConfiguration.framework in Frameworks */,
				D27E32781A984EC900004735 /* libxml2.dylib in Frameworks */,
				B01BE6741A8D425E0013D9EA /* CoreGraphics.framework in Frameworks */,
				B01BE6761A8D425E0013D9EA /* UIKit.framework in Frameworks */,
				B01BE6721A8D425E0013D9EA /* Foundation.framework in Frameworks */,
			);
			runOnlyForDeploymentPostprocessing = 0;
		};
		B01BE68F1A8D425F0013D9EA /* Frameworks */ = {
			isa = PBXFrameworksBuildPhase;
			buildActionMask = 2147483647;
			files = (
				B01BE6941A8D425F0013D9EA /* XCTest.framework in Frameworks */,
				B01BE6961A8D425F0013D9EA /* UIKit.framework in Frameworks */,
				B01BE6951A8D425F0013D9EA /* Foundation.framework in Frameworks */,
			);
			runOnlyForDeploymentPostprocessing = 0;
		};
/* End PBXFrameworksBuildPhase section */

/* Begin PBXGroup section */
		B01BE6651A8D425E0013D9EA = {
			isa = PBXGroup;
			children = (
				B01BE6771A8D425E0013D9EA /* SFUnavapp */,
				B01BE6991A8D425F0013D9EA /* SFUnavappTests */,
				B01BE6701A8D425E0013D9EA /* Frameworks */,
				B01BE66F1A8D425E0013D9EA /* Products */,
			);
			sourceTree = "<group>";
		};
		B01BE66F1A8D425E0013D9EA /* Products */ = {
			isa = PBXGroup;
			children = (
				B01BE66E1A8D425E0013D9EA /* SFUnavapp.app */,
				B01BE6921A8D425F0013D9EA /* SFUnavappTests.xctest */,
			);
			name = Products;
			sourceTree = "<group>";
		};
		B01BE6701A8D425E0013D9EA /* Frameworks */ = {
			isa = PBXGroup;
			children = (
				B0F981E41AAAAC4E00F9370E /* MessageUI.framework */,
				DC566CCF1AA6A1D0006AA2D9 /* SystemConfiguration.framework */,
				D27E32771A984EC900004735 /* libxml2.dylib */,
				B01BE6711A8D425E0013D9EA /* Foundation.framework */,
				B01BE6731A8D425E0013D9EA /* CoreGraphics.framework */,
				B01BE6751A8D425E0013D9EA /* UIKit.framework */,
				B01BE6931A8D425F0013D9EA /* XCTest.framework */,
			);
			name = Frameworks;
			sourceTree = "<group>";
		};
		B01BE6771A8D425E0013D9EA /* SFUnavapp */ = {
			isa = PBXGroup;
			children = (
				DC566CC31AA67149006AA2D9 /* MTImageMapView */,
				D27E326D1A984E0000004735 /* hpple_parser */,
				B01BE6801A8D425E0013D9EA /* AppDelegate.h */,
				DC566CD41AA6A45B006AA2D9 /* Reachability */,
				B01BE6811A8D425E0013D9EA /* AppDelegate.m */,
				B01BE6831A8D425E0013D9EA /* Main.storyboard */,
				B0DDA5311AAA63860027A81D /* AboutUsViewController.h */,
				B0DDA5321AAA63860027A81D /* AboutUsViewController.m */,
				B0FC32731A956FFB00900E3A /* TransitTableViewController.h */,
				B0FC32741A956FFB00900E3A /* TransitTableViewController.m */,
				B0B0FC5E1A9F8AE700BE6964 /* BusRouteStorage.h */,
				B0B0FC5F1A9F8AE700BE6964 /* BusRouteStorage.m */,
				DC86567A1A9715EC00D908C9 /* Weather */,
				DC8656771A9715C600D908C9 /* Services */,
				DC8656781A9715D300D908C9 /* Contacts */,
				DC8656791A9715DC00D908C9 /* Map */,
				B01BE68C1A8D425E0013D9EA /* Images.xcassets */,
				B01BE6781A8D425E0013D9EA /* Supporting Files */,
			);
			path = SFUnavapp;
			sourceTree = "<group>";
		};
		B01BE6781A8D425E0013D9EA /* Supporting Files */ = {
			isa = PBXGroup;
			children = (
				04971D441AA389F600AE1F6E /* Contacts - dial.png */,
				04971D451AA389F600AE1F6E /* Contacts - email.png */,
				B0859CAE1AACDA3300DA0A4D /* Campus_Map(half res).png */,
				04971D461AA389F600AE1F6E /* Contacts - Weblink.png */,
				04971CF11AA381B400AE1F6E /* BurnabyCampus-sm.png */,
				DC566CCD1AA68328006AA2D9 /* Campus_Map.png */,
				DC566CBE1AA670DF006AA2D9 /* map-Campus-01.png */,
				B0A5B71B1AAA165D00F0F42F /* Library_floorplan.png */,
				D2DB94D51AA912C800501DD7 /* Blusson_floorplan.png */,
				04971CF21AA381B400AE1F6E /* SurreyCampus-sm.png */,
				04971CF31AA381B400AE1F6E /* VancouverCampus-sm.png */,
				B01BE6791A8D425E0013D9EA /* SFUnavapp-Info.plist */,
				B01BE67A1A8D425E0013D9EA /* InfoPlist.strings */,
				B01BE67D1A8D425E0013D9EA /* main.m */,
				B01BE67F1A8D425E0013D9EA /* SFUnavapp-Prefix.pch */,
				DC566CBA1AA66ED1006AA2D9 /* Buildings_coord.plist */,
				DC566CBC1AA66F48006AA2D9 /* Buildings_name.plist */,
			);
			name = "Supporting Files";
			sourceTree = "<group>";
		};
		B01BE6991A8D425F0013D9EA /* SFUnavappTests */ = {
			isa = PBXGroup;
			children = (
				B01BE69F1A8D425F0013D9EA /* SFUnavappTests.m */,
				B01BE69A1A8D425F0013D9EA /* Supporting Files */,
			);
			path = SFUnavappTests;
			sourceTree = "<group>";
		};
		B01BE69A1A8D425F0013D9EA /* Supporting Files */ = {
			isa = PBXGroup;
			children = (
				B01BE69B1A8D425F0013D9EA /* SFUnavappTests-Info.plist */,
				B01BE69C1A8D425F0013D9EA /* InfoPlist.strings */,
			);
			name = "Supporting Files";
			sourceTree = "<group>";
		};
		D27E326D1A984E0000004735 /* hpple_parser */ = {
			isa = PBXGroup;
			children = (
				D27E326E1A984E1A00004735 /* TFHpple.h */,
				D27E326F1A984E1A00004735 /* TFHpple.m */,
				D27E32701A984E1A00004735 /* TFHppleElement.h */,
				D27E32711A984E1A00004735 /* TFHppleElement.m */,
				D27E32721A984E1A00004735 /* XPathQuery.h */,
				D27E32731A984E1A00004735 /* XPathQuery.m */,
			);
			name = hpple_parser;
			sourceTree = "<group>";
		};
		DC566CC31AA67149006AA2D9 /* MTImageMapView */ = {
			isa = PBXGroup;
			children = (
				DC566CC01AA67135006AA2D9 /* MTImageMapView.h */,
				DC566CC11AA67135006AA2D9 /* MTImageMapView.m */,
			);
			name = MTImageMapView;
			sourceTree = "<group>";
		};
		DC566CD41AA6A45B006AA2D9 /* Reachability */ = {
			isa = PBXGroup;
			children = (
				DC566CD11AA6A44B006AA2D9 /* Reachability.h */,
				DC566CD21AA6A44B006AA2D9 /* Reachability.m */,
			);
			name = Reachability;
			sourceTree = "<group>";
		};
		DC8656771A9715C600D908C9 /* Services */ = {
			isa = PBXGroup;
			children = (
				DC807F9E1A905F5A008CA3DC /* ServicesWebViewController.h */,
				DC807F9F1A905F5A008CA3DC /* ServicesWebViewController.m */,
				DC807F9B1A905E55008CA3DC /* ServicesURL.h */,
				DC807F9C1A905E55008CA3DC /* ServicesURL.m */,
				B01BE6B51A8D4E8A0013D9EA /* ServicesTableViewController.h */,
				B01BE6B61A8D4E8A0013D9EA /* ServicesTableViewController.m */,
			);
			name = Services;
			sourceTree = "<group>";
		};
		DC8656781A9715D300D908C9 /* Contacts */ = {
			isa = PBXGroup;
			children = (
				04971CF71AA383EA00AE1F6E /* CampusContactsViewController.h */,
				04971CF81AA383EA00AE1F6E /* CampusContactsViewController.m */,
			);
			name = Contacts;
			sourceTree = "<group>";
		};
		DC8656791A9715DC00D908C9 /* Map */ = {
			isa = PBXGroup;
			children = (
				DC566CC41AA67308006AA2D9 /* MapViewController.h */,
				DC566CC51AA67308006AA2D9 /* MapViewController.m */,
				B080DB451AA6BD7900C3F403 /* FloorPlanTableViewController.h */,
				B080DB461AA6BD7900C3F403 /* FloorPlanTableViewController.m */,
				B080DB481AA6BDCC00C3F403 /* BuildingObject.h */,
				B080DB491AA6BDCC00C3F403 /* BuildingObject.m */,
				B0FC019D1AA7C86900F67493 /* FloorImageViewController.h */,
				B0FC019E1AA7C86900F67493 /* FloorImageViewController.m */,
			);
			name = Map;
			sourceTree = "<group>";
		};
		DC86567A1A9715EC00D908C9 /* Weather */ = {
			isa = PBXGroup;
			children = (
				DC86568E1A97165500D908C9 /* Websites */,
				D2EBC4501AA9744C007540DE /* WeatherTableViewController.h */,
				D2EBC4511AA9744C007540DE /* WeatherTableViewController.m */,
				DC8656841A97164C00D908C9 /* Webcam.h */,
				DC8656851A97164C00D908C9 /* Webcam.m */,
				DC8656861A97164C00D908C9 /* WebcamWebViewController.h */,
				DC8656871A97164C00D908C9 /* WebcamWebViewController.m */,
				D27E32791A984EF800004735 /* Campus.h */,
				D27E327A1A984EF900004735 /* Campus.m */,
			);
			name = Weather;
			sourceTree = "<group>";
		};
		DC86568E1A97165500D908C9 /* Websites */ = {
			isa = PBXGroup;
			children = (
				DC86567B1A97162E00D908C9 /* AQNorth.html */,
				DC86567D1A97163500D908C9 /* AQSouthWest.html */,
				DC86567F1A97164C00D908C9 /* ConvocationMall.html */,
				DC8656801A97164C00D908C9 /* Gaglardi.html */,
				DC8656811A97164C00D908C9 /* UniversityDriveNorth.html */,
			);
			name = Websites;
			sourceTree = "<group>";
		};
/* End PBXGroup section */

/* Begin PBXNativeTarget section */
		B01BE66D1A8D425E0013D9EA /* SFUnavapp */ = {
			isa = PBXNativeTarget;
			buildConfigurationList = B01BE6A31A8D425F0013D9EA /* Build configuration list for PBXNativeTarget "SFUnavapp" */;
			buildPhases = (
				B01BE66A1A8D425E0013D9EA /* Sources */,
				B01BE66B1A8D425E0013D9EA /* Frameworks */,
				B01BE66C1A8D425E0013D9EA /* Resources */,
			);
			buildRules = (
			);
			dependencies = (
			);
			name = SFUnavapp;
			productName = SFUnavapp;
			productReference = B01BE66E1A8D425E0013D9EA /* SFUnavapp.app */;
			productType = "com.apple.product-type.application";
		};
		B01BE6911A8D425F0013D9EA /* SFUnavappTests */ = {
			isa = PBXNativeTarget;
			buildConfigurationList = B01BE6A61A8D425F0013D9EA /* Build configuration list for PBXNativeTarget "SFUnavappTests" */;
			buildPhases = (
				B01BE68E1A8D425F0013D9EA /* Sources */,
				B01BE68F1A8D425F0013D9EA /* Frameworks */,
				B01BE6901A8D425F0013D9EA /* Resources */,
			);
			buildRules = (
			);
			dependencies = (
				B01BE6981A8D425F0013D9EA /* PBXTargetDependency */,
			);
			name = SFUnavappTests;
			productName = SFUnavappTests;
			productReference = B01BE6921A8D425F0013D9EA /* SFUnavappTests.xctest */;
			productType = "com.apple.product-type.bundle.unit-test";
		};
/* End PBXNativeTarget section */

/* Begin PBXProject section */
		B01BE6661A8D425E0013D9EA /* Project object */ = {
			isa = PBXProject;
			attributes = {
				LastUpgradeCheck = 0510;
				ORGANIZATIONNAME = "Team NoMacs";
				TargetAttributes = {
					B01BE66D1A8D425E0013D9EA = {
						DevelopmentTeam = XM6475YHW9;
					};
					B01BE6911A8D425F0013D9EA = {
						TestTargetID = B01BE66D1A8D425E0013D9EA;
					};
				};
			};
			buildConfigurationList = B01BE6691A8D425E0013D9EA /* Build configuration list for PBXProject "SFUnavapp" */;
			compatibilityVersion = "Xcode 3.2";
			developmentRegion = English;
			hasScannedForEncodings = 0;
			knownRegions = (
				en,
				Base,
			);
			mainGroup = B01BE6651A8D425E0013D9EA;
			productRefGroup = B01BE66F1A8D425E0013D9EA /* Products */;
			projectDirPath = "";
			projectRoot = "";
			targets = (
				B01BE66D1A8D425E0013D9EA /* SFUnavapp */,
				B01BE6911A8D425F0013D9EA /* SFUnavappTests */,
			);
		};
/* End PBXProject section */

/* Begin PBXResourcesBuildPhase section */
		B01BE66C1A8D425E0013D9EA /* Resources */ = {
			isa = PBXResourcesBuildPhase;
			buildActionMask = 2147483647;
			files = (
				DC86567C1A97162E00D908C9 /* AQNorth.html in Resources */,
				B01BE68D1A8D425E0013D9EA /* Images.xcassets in Resources */,
				B0859CAF1AACDA3300DA0A4D /* Campus_Map(half res).png in Resources */,
				DC566CBB1AA66ED1006AA2D9 /* Buildings_coord.plist in Resources */,
				B01BE67C1A8D425E0013D9EA /* InfoPlist.strings in Resources */,
				DC86568A1A97164C00D908C9 /* UniversityDriveNorth.html in Resources */,
				04971D471AA389F600AE1F6E /* Contacts - dial.png in Resources */,
				04971D491AA389F600AE1F6E /* Contacts - Weblink.png in Resources */,
				DC566CBF1AA670DF006AA2D9 /* map-Campus-01.png in Resources */,
				DC86567E1A97163500D908C9 /* AQSouthWest.html in Resources */,
				D2DB94D61AA912C800501DD7 /* Blusson_floorplan.png in Resources */,
				04971CF41AA381B400AE1F6E /* BurnabyCampus-sm.png in Resources */,
				04971D481AA389F600AE1F6E /* Contacts - email.png in Resources */,
				DC566CCE1AA68328006AA2D9 /* Campus_Map.png in Resources */,
				B0A5B71C1AAA165D00F0F42F /* Library_floorplan.png in Resources */,
				DC8656881A97164C00D908C9 /* ConvocationMall.html in Resources */,
				DC8656891A97164C00D908C9 /* Gaglardi.html in Resources */,
				04971CF51AA381B400AE1F6E /* SurreyCampus-sm.png in Resources */,
				04971CF61AA381B400AE1F6E /* VancouverCampus-sm.png in Resources */,
				B01BE6851A8D425E0013D9EA /* Main.storyboard in Resources */,
				DC566CBD1AA66F48006AA2D9 /* Buildings_name.plist in Resources */,
			);
			runOnlyForDeploymentPostprocessing = 0;
		};
		B01BE6901A8D425F0013D9EA /* Resources */ = {
			isa = PBXResourcesBuildPhase;
			buildActionMask = 2147483647;
			files = (
				B01BE69E1A8D425F0013D9EA /* InfoPlist.strings in Resources */,
			);
			runOnlyForDeploymentPostprocessing = 0;
		};
/* End PBXResourcesBuildPhase section */

/* Begin PBXSourcesBuildPhase section */
		B01BE66A1A8D425E0013D9EA /* Sources */ = {
			isa = PBXSourcesBuildPhase;
			buildActionMask = 2147483647;
			files = (
				DC86568C1A97164C00D908C9 /* Webcam.m in Sources */,
				B0FC32751A956FFB00900E3A /* TransitTableViewController.m in Sources */,
				B01BE6B71A8D4E8A0013D9EA /* ServicesTableViewController.m in Sources */,
				D27E32751A984E1A00004735 /* TFHppleElement.m in Sources */,
				B0FC019F1AA7C86900F67493 /* FloorImageViewController.m in Sources */,
				B080DB4A1AA6BDCC00C3F403 /* BuildingObject.m in Sources */,
				B080DB471AA6BD7900C3F403 /* FloorPlanTableViewController.m in Sources */,
				DC566CC21AA67135006AA2D9 /* MTImageMapView.m in Sources */,
				DC807FA01A905F5A008CA3DC /* ServicesWebViewController.m in Sources */,
				D27E32761A984E1A00004735 /* XPathQuery.m in Sources */,
				D27E32741A984E1A00004735 /* TFHpple.m in Sources */,
				B0B0FC601A9F8AE700BE6964 /* BusRouteStorage.m in Sources */,
				B01BE6821A8D425E0013D9EA /* AppDelegate.m in Sources */,
				B01BE67E1A8D425E0013D9EA /* main.m in Sources */,
				04971CF91AA383EA00AE1F6E /* CampusContactsViewController.m in Sources */,
				DC807F9D1A905E55008CA3DC /* ServicesURL.m in Sources */,
				D27E327B1A984EF900004735 /* Campus.m in Sources */,
				D2EBC4521AA9744C007540DE /* WeatherTableViewController.m in Sources */,
				B0DDA5331AAA63860027A81D /* AboutUsViewController.m in Sources */,
				DC566CC61AA67308006AA2D9 /* MapViewController.m in Sources */,
				DC566CD31AA6A44B006AA2D9 /* Reachability.m in Sources */,
				DC86568D1A97164C00D908C9 /* WebcamWebViewController.m in Sources */,
			);
			runOnlyForDeploymentPostprocessing = 0;
		};
		B01BE68E1A8D425F0013D9EA /* Sources */ = {
			isa = PBXSourcesBuildPhase;
			buildActionMask = 2147483647;
			files = (
				B01BE6A01A8D425F0013D9EA /* SFUnavappTests.m in Sources */,
			);
			runOnlyForDeploymentPostprocessing = 0;
		};
/* End PBXSourcesBuildPhase section */

/* Begin PBXTargetDependency section */
		B01BE6981A8D425F0013D9EA /* PBXTargetDependency */ = {
			isa = PBXTargetDependency;
			target = B01BE66D1A8D425E0013D9EA /* SFUnavapp */;
			targetProxy = B01BE6971A8D425F0013D9EA /* PBXContainerItemProxy */;
		};
/* End PBXTargetDependency section */

/* Begin PBXVariantGroup section */
		B01BE67A1A8D425E0013D9EA /* InfoPlist.strings */ = {
			isa = PBXVariantGroup;
			children = (
				B01BE67B1A8D425E0013D9EA /* en */,
			);
			name = InfoPlist.strings;
			sourceTree = "<group>";
		};
		B01BE6831A8D425E0013D9EA /* Main.storyboard */ = {
			isa = PBXVariantGroup;
			children = (
				B01BE6841A8D425E0013D9EA /* Base */,
			);
			name = Main.storyboard;
			sourceTree = "<group>";
		};
		B01BE69C1A8D425F0013D9EA /* InfoPlist.strings */ = {
			isa = PBXVariantGroup;
			children = (
				B01BE69D1A8D425F0013D9EA /* en */,
			);
			name = InfoPlist.strings;
			sourceTree = "<group>";
		};
/* End PBXVariantGroup section */

/* Begin XCBuildConfiguration section */
		B01BE6A11A8D425F0013D9EA /* Debug */ = {
			isa = XCBuildConfiguration;
			buildSettings = {
				ALWAYS_SEARCH_USER_PATHS = NO;
				CLANG_CXX_LANGUAGE_STANDARD = "gnu++0x";
				CLANG_CXX_LIBRARY = "libc++";
				CLANG_ENABLE_MODULES = YES;
				CLANG_ENABLE_OBJC_ARC = YES;
				CLANG_WARN_BOOL_CONVERSION = YES;
				CLANG_WARN_CONSTANT_CONVERSION = YES;
				CLANG_WARN_DIRECT_OBJC_ISA_USAGE = YES_ERROR;
				CLANG_WARN_EMPTY_BODY = YES;
				CLANG_WARN_ENUM_CONVERSION = YES;
				CLANG_WARN_INT_CONVERSION = YES;
				CLANG_WARN_OBJC_ROOT_CLASS = YES_ERROR;
				CLANG_WARN__DUPLICATE_METHOD_MATCH = YES;
				CODE_SIGN_IDENTITY = "iPhone Developer";
				"CODE_SIGN_IDENTITY[sdk=iphoneos*]" = "iPhone Developer";
				COPY_PHASE_STRIP = NO;
				GCC_C_LANGUAGE_STANDARD = gnu99;
				GCC_DYNAMIC_NO_PIC = NO;
				GCC_OPTIMIZATION_LEVEL = 0;
				GCC_PREPROCESSOR_DEFINITIONS = (
					"DEBUG=1",
					"$(inherited)",
				);
				GCC_SYMBOLS_PRIVATE_EXTERN = NO;
				GCC_WARN_64_TO_32_BIT_CONVERSION = YES;
				GCC_WARN_ABOUT_RETURN_TYPE = YES_ERROR;
				GCC_WARN_UNDECLARED_SELECTOR = YES;
				GCC_WARN_UNINITIALIZED_AUTOS = YES_AGGRESSIVE;
				GCC_WARN_UNUSED_FUNCTION = YES;
				GCC_WARN_UNUSED_VARIABLE = YES;
				IPHONEOS_DEPLOYMENT_TARGET = 7.1;
				ONLY_ACTIVE_ARCH = YES;
				SDKROOT = iphoneos;
			};
			name = Debug;
		};
		B01BE6A21A8D425F0013D9EA /* Release */ = {
			isa = XCBuildConfiguration;
			buildSettings = {
				ALWAYS_SEARCH_USER_PATHS = NO;
				CLANG_CXX_LANGUAGE_STANDARD = "gnu++0x";
				CLANG_CXX_LIBRARY = "libc++";
				CLANG_ENABLE_MODULES = YES;
				CLANG_ENABLE_OBJC_ARC = YES;
				CLANG_WARN_BOOL_CONVERSION = YES;
				CLANG_WARN_CONSTANT_CONVERSION = YES;
				CLANG_WARN_DIRECT_OBJC_ISA_USAGE = YES_ERROR;
				CLANG_WARN_EMPTY_BODY = YES;
				CLANG_WARN_ENUM_CONVERSION = YES;
				CLANG_WARN_INT_CONVERSION = YES;
				CLANG_WARN_OBJC_ROOT_CLASS = YES_ERROR;
				CLANG_WARN__DUPLICATE_METHOD_MATCH = YES;
				CODE_SIGN_IDENTITY = "";
				"CODE_SIGN_IDENTITY[sdk=iphoneos*]" = "iPhone Developer";
				COPY_PHASE_STRIP = YES;
				ENABLE_NS_ASSERTIONS = NO;
				GCC_C_LANGUAGE_STANDARD = gnu99;
				GCC_WARN_64_TO_32_BIT_CONVERSION = YES;
				GCC_WARN_ABOUT_RETURN_TYPE = YES_ERROR;
				GCC_WARN_UNDECLARED_SELECTOR = YES;
				GCC_WARN_UNINITIALIZED_AUTOS = YES_AGGRESSIVE;
				GCC_WARN_UNUSED_FUNCTION = YES;
				GCC_WARN_UNUSED_VARIABLE = YES;
				IPHONEOS_DEPLOYMENT_TARGET = 7.1;
				SDKROOT = iphoneos;
				VALIDATE_PRODUCT = YES;
			};
			name = Release;
		};
		B01BE6A41A8D425F0013D9EA /* Debug */ = {
			isa = XCBuildConfiguration;
			buildSettings = {
				ASSETCATALOG_COMPILER_APPICON_NAME = AppIcon;
				ASSETCATALOG_COMPILER_LAUNCHIMAGE_NAME = LaunchImage;
				CODE_SIGN_IDENTITY = "iPhone Developer";
				"CODE_SIGN_IDENTITY[sdk=iphoneos*]" = "iPhone Developer";
				GCC_PRECOMPILE_PREFIX_HEADER = YES;
				GCC_PREFIX_HEADER = "SFUnavapp/SFUnavapp-Prefix.pch";
				HEADER_SEARCH_PATHS = (
					"$(inherited)",
					/Applications/Xcode.app/Contents/Developer/Toolchains/XcodeDefault.xctoolchain/usr/include,
					/usr/include/libxml2,
				);
				INFOPLIST_FILE = "SFUnavapp/SFUnavapp-Info.plist";
				PRODUCT_NAME = "$(TARGET_NAME)";
				PROVISIONING_PROFILE = "";
				WRAPPER_EXTENSION = app;
			};
			name = Debug;
		};
		B01BE6A51A8D425F0013D9EA /* Release */ = {
			isa = XCBuildConfiguration;
			buildSettings = {
				ASSETCATALOG_COMPILER_APPICON_NAME = AppIcon;
				ASSETCATALOG_COMPILER_LAUNCHIMAGE_NAME = LaunchImage;
				CODE_SIGN_IDENTITY = "iPhone Developer";
				"CODE_SIGN_IDENTITY[sdk=iphoneos*]" = "iPhone Developer";
				GCC_PRECOMPILE_PREFIX_HEADER = YES;
				GCC_PREFIX_HEADER = "SFUnavapp/SFUnavapp-Prefix.pch";
				HEADER_SEARCH_PATHS = (
					"$(inherited)",
					/Applications/Xcode.app/Contents/Developer/Toolchains/XcodeDefault.xctoolchain/usr/include,
					/usr/include/libxml2,
				);
				INFOPLIST_FILE = "SFUnavapp/SFUnavapp-Info.plist";
				PRODUCT_NAME = "$(TARGET_NAME)";
				PROVISIONING_PROFILE = "";
				WRAPPER_EXTENSION = app;
			};
			name = Release;
		};
		B01BE6A71A8D425F0013D9EA /* Debug */ = {
			isa = XCBuildConfiguration;
			buildSettings = {
				BUNDLE_LOADER = "$(BUILT_PRODUCTS_DIR)/SFUnavapp.app/SFUnavapp";
				FRAMEWORK_SEARCH_PATHS = (
					"$(SDKROOT)/Developer/Library/Frameworks",
					"$(inherited)",
					"$(DEVELOPER_FRAMEWORKS_DIR)",
				);
				GCC_PRECOMPILE_PREFIX_HEADER = YES;
				GCC_PREFIX_HEADER = "SFUnavapp/SFUnavapp-Prefix.pch";
				GCC_PREPROCESSOR_DEFINITIONS = (
					"DEBUG=1",
					"$(inherited)",
				);
				INFOPLIST_FILE = "SFUnavappTests/SFUnavappTests-Info.plist";
				PRODUCT_NAME = "$(TARGET_NAME)";
				TEST_HOST = "$(BUNDLE_LOADER)";
				WRAPPER_EXTENSION = xctest;
			};
			name = Debug;
		};
		B01BE6A81A8D425F0013D9EA /* Release */ = {
			isa = XCBuildConfiguration;
			buildSettings = {
				BUNDLE_LOADER = "$(BUILT_PRODUCTS_DIR)/SFUnavapp.app/SFUnavapp";
				FRAMEWORK_SEARCH_PATHS = (
					"$(SDKROOT)/Developer/Library/Frameworks",
					"$(inherited)",
					"$(DEVELOPER_FRAMEWORKS_DIR)",
				);
				GCC_PRECOMPILE_PREFIX_HEADER = YES;
				GCC_PREFIX_HEADER = "SFUnavapp/SFUnavapp-Prefix.pch";
				INFOPLIST_FILE = "SFUnavappTests/SFUnavappTests-Info.plist";
				PRODUCT_NAME = "$(TARGET_NAME)";
				TEST_HOST = "$(BUNDLE_LOADER)";
				WRAPPER_EXTENSION = xctest;
			};
			name = Release;
		};
/* End XCBuildConfiguration section */

/* Begin XCConfigurationList section */
		B01BE6691A8D425E0013D9EA /* Build configuration list for PBXProject "SFUnavapp" */ = {
			isa = XCConfigurationList;
			buildConfigurations = (
				B01BE6A11A8D425F0013D9EA /* Debug */,
				B01BE6A21A8D425F0013D9EA /* Release */,
			);
			defaultConfigurationIsVisible = 0;
			defaultConfigurationName = Release;
		};
		B01BE6A31A8D425F0013D9EA /* Build configuration list for PBXNativeTarget "SFUnavapp" */ = {
			isa = XCConfigurationList;
			buildConfigurations = (
				B01BE6A41A8D425F0013D9EA /* Debug */,
				B01BE6A51A8D425F0013D9EA /* Release */,
			);
			defaultConfigurationIsVisible = 0;
			defaultConfigurationName = Release;
		};
		B01BE6A61A8D425F0013D9EA /* Build configuration list for PBXNativeTarget "SFUnavappTests" */ = {
			isa = XCConfigurationList;
			buildConfigurations = (
				B01BE6A71A8D425F0013D9EA /* Debug */,
				B01BE6A81A8D425F0013D9EA /* Release */,
			);
			defaultConfigurationIsVisible = 0;
			defaultConfigurationName = Release;
		};
/* End XCConfigurationList section */
	};
	rootObject = B01BE6661A8D425E0013D9EA /* Project object */;
}
