// !$*UTF8*$!
{
	archiveVersion = 1;
	classes = {
	};
	objectVersion = 46;
	objects = {

/* Begin PBXBuildFile section */
		0456CFA81AB4BBEE002548B5 /* Health.plist in Resources */ = {isa = PBXBuildFile; fileRef = 0456CFA71AB4BBEE002548B5 /* Health.plist */; };
		0456CFAC1AB4C264002548B5 /* Career.plist in Resources */ = {isa = PBXBuildFile; fileRef = 0456CFAB1AB4C264002548B5 /* Career.plist */; };
		0456CFB51AB4CAD6002548B5 /* srsContactTableViewController.m in Sources */ = {isa = PBXBuildFile; fileRef = 0456CFB41AB4CAD6002548B5 /* srsContactTableViewController.m */; };
		0456CFB71AB4CC33002548B5 /* Security.plist in Resources */ = {isa = PBXBuildFile; fileRef = 0456CFB61AB4CC33002548B5 /* Security.plist */; };
		0456CFBB1AB4D050002548B5 /* access.plist in Resources */ = {isa = PBXBuildFile; fileRef = 0456CFBA1AB4D050002548B5 /* access.plist */; };
		045E5E761AB0144200FDF7BC /* burnaby.png in Resources */ = {isa = PBXBuildFile; fileRef = 045E5E731AB0144200FDF7BC /* burnaby.png */; };
		045E5E771AB0144200FDF7BC /* harbourcenter.png in Resources */ = {isa = PBXBuildFile; fileRef = 045E5E741AB0144200FDF7BC /* harbourcenter.png */; };
		045E5E781AB0144200FDF7BC /* surrey.png in Resources */ = {isa = PBXBuildFile; fileRef = 045E5E751AB0144200FDF7BC /* surrey.png */; };
		04971CF41AA381B400AE1F6E /* BurnabyCampus-sm.png in Resources */ = {isa = PBXBuildFile; fileRef = 04971CF11AA381B400AE1F6E /* BurnabyCampus-sm.png */; };
		04971CF51AA381B400AE1F6E /* SurreyCampus-sm.png in Resources */ = {isa = PBXBuildFile; fileRef = 04971CF21AA381B400AE1F6E /* SurreyCampus-sm.png */; };
		04971CF61AA381B400AE1F6E /* VancouverCampus-sm.png in Resources */ = {isa = PBXBuildFile; fileRef = 04971CF31AA381B400AE1F6E /* VancouverCampus-sm.png */; };
		04971CF91AA383EA00AE1F6E /* CampusContactsViewController.m in Sources */ = {isa = PBXBuildFile; fileRef = 04971CF81AA383EA00AE1F6E /* CampusContactsViewController.m */; };
		04971D471AA389F600AE1F6E /* Contacts - dial.png in Resources */ = {isa = PBXBuildFile; fileRef = 04971D441AA389F600AE1F6E /* Contacts - dial.png */; };
		04971D481AA389F600AE1F6E /* Contacts - email.png in Resources */ = {isa = PBXBuildFile; fileRef = 04971D451AA389F600AE1F6E /* Contacts - email.png */; };
		04971D491AA389F600AE1F6E /* Contacts - Weblink.png in Resources */ = {isa = PBXBuildFile; fileRef = 04971D461AA389F600AE1F6E /* Contacts - Weblink.png */; };
		049B5C011AB1FE1C001521D4 /* ContactsTableViewCell.m in Sources */ = {isa = PBXBuildFile; fileRef = 049B5C001AB1FE1C001521D4 /* ContactsTableViewCell.m */; };
		049B5C071AB21571001521D4 /* Registrar.plist in Resources */ = {isa = PBXBuildFile; fileRef = 049B5C061AB21571001521D4 /* Registrar.plist */; };
		049B5C091AB216EC001521D4 /* Financial.plist in Resources */ = {isa = PBXBuildFile; fileRef = 049B5C081AB216EC001521D4 /* Financial.plist */; };
		04DD15831AB4EFC700714CFA /* studContactTableViewController.m in Sources */ = {isa = PBXBuildFile; fileRef = 04DD15821AB4EFC700714CFA /* studContactTableViewController.m */; };
		B0151B1F1ABD23D20092B0BB /* SFUlatlong.plist in Resources */ = {isa = PBXBuildFile; fileRef = B0151B1E1ABD23D20092B0BB /* SFUlatlong.plist */; };
		B01BE6721A8D425E0013D9EA /* Foundation.framework in Frameworks */ = {isa = PBXBuildFile; fileRef = B01BE6711A8D425E0013D9EA /* Foundation.framework */; };
		B01BE6741A8D425E0013D9EA /* CoreGraphics.framework in Frameworks */ = {isa = PBXBuildFile; fileRef = B01BE6731A8D425E0013D9EA /* CoreGraphics.framework */; };
		B01BE6761A8D425E0013D9EA /* UIKit.framework in Frameworks */ = {isa = PBXBuildFile; fileRef = B01BE6751A8D425E0013D9EA /* UIKit.framework */; };
		B01BE67C1A8D425E0013D9EA /* InfoPlist.strings in Resources */ = {isa = PBXBuildFile; fileRef = B01BE67A1A8D425E0013D9EA /* InfoPlist.strings */; };
		B01BE67E1A8D425E0013D9EA /* main.m in Sources */ = {isa = PBXBuildFile; fileRef = B01BE67D1A8D425E0013D9EA /* main.m */; };
		B01BE6821A8D425E0013D9EA /* AppDelegate.m in Sources */ = {isa = PBXBuildFile; fileRef = B01BE6811A8D425E0013D9EA /* AppDelegate.m */; };
		B01BE6851A8D425E0013D9EA /* Main.storyboard in Resources */ = {isa = PBXBuildFile; fileRef = B01BE6831A8D425E0013D9EA /* Main.storyboard */; };
		B01BE68D1A8D425E0013D9EA /* Images.xcassets in Resources */ = {isa = PBXBuildFile; fileRef = B01BE68C1A8D425E0013D9EA /* Images.xcassets */; };
		B01BE6941A8D425F0013D9EA /* XCTest.framework in Frameworks */ = {isa = PBXBuildFile; fileRef = B01BE6931A8D425F0013D9EA /* XCTest.framework */; };
		B01BE6951A8D425F0013D9EA /* Foundation.framework in Frameworks */ = {isa = PBXBuildFile; fileRef = B01BE6711A8D425E0013D9EA /* Foundation.framework */; };
		B01BE6961A8D425F0013D9EA /* UIKit.framework in Frameworks */ = {isa = PBXBuildFile; fileRef = B01BE6751A8D425E0013D9EA /* UIKit.framework */; };
		B01BE69E1A8D425F0013D9EA /* InfoPlist.strings in Resources */ = {isa = PBXBuildFile; fileRef = B01BE69C1A8D425F0013D9EA /* InfoPlist.strings */; };
		B01BE6A01A8D425F0013D9EA /* SFUnavappTests.m in Sources */ = {isa = PBXBuildFile; fileRef = B01BE69F1A8D425F0013D9EA /* SFUnavappTests.m */; };
		B01BE6B71A8D4E8A0013D9EA /* ServicesTableViewController.m in Sources */ = {isa = PBXBuildFile; fileRef = B01BE6B61A8D4E8A0013D9EA /* ServicesTableViewController.m */; };
		B01E40481AB6059500166904 /* OnlineMapViewController.m in Sources */ = {isa = PBXBuildFile; fileRef = B01E40471AB6059500166904 /* OnlineMapViewController.m */; };
		B01E404F1AB6076F00166904 /* all_campus_map_rotated.png in Resources */ = {isa = PBXBuildFile; fileRef = B01E404E1AB6076F00166904 /* all_campus_map_rotated.png */; };
		B080DB471AA6BD7900C3F403 /* FloorPlanTableViewController.m in Sources */ = {isa = PBXBuildFile; fileRef = B080DB461AA6BD7900C3F403 /* FloorPlanTableViewController.m */; };
		B080DB4A1AA6BDCC00C3F403 /* BuildingObject.m in Sources */ = {isa = PBXBuildFile; fileRef = B080DB491AA6BDCC00C3F403 /* BuildingObject.m */; };
		B08268DC1AB6CD1B0038F7A7 /* Buildings_coord.plist in Resources */ = {isa = PBXBuildFile; fileRef = B08268DB1AB6CD1B0038F7A7 /* Buildings_coord.plist */; };
		B08268DE1AB6CD360038F7A7 /* Buildings_name.plist in Resources */ = {isa = PBXBuildFile; fileRef = B08268DD1AB6CD360038F7A7 /* Buildings_name.plist */; };
		B0859CAF1AACDA3300DA0A4D /* Campus_Map(half res).png in Resources */ = {isa = PBXBuildFile; fileRef = B0859CAE1AACDA3300DA0A4D /* Campus_Map(half res).png */; };
		B0887C961AC627120047F200 /* QRcodescannerViewController.m in Sources */ = {isa = PBXBuildFile; fileRef = B0887C951AC627120047F200 /* QRcodescannerViewController.m */; };
		B08D859F1AC46AA700335A19 /* RoadReportTableCell.m in Sources */ = {isa = PBXBuildFile; fileRef = B08D859E1AC46AA700335A19 /* RoadReportTableCell.m */; };
		B0A10C3E1ACA4ED000FC5F35 /* SocialTableViewController.m in Sources */ = {isa = PBXBuildFile; fileRef = B0A10C3D1ACA4ED000FC5F35 /* SocialTableViewController.m */; };
		B0A10C411ACA4F4500FC5F35 /* SocialTableViewCell.m in Sources */ = {isa = PBXBuildFile; fileRef = B0A10C401ACA4F4500FC5F35 /* SocialTableViewCell.m */; };
		B0A10C441ACA4F7F00FC5F35 /* Social.plist in Resources */ = {isa = PBXBuildFile; fileRef = B0A10C431ACA4F7F00FC5F35 /* Social.plist */; };
		B0A1E6391AB7959300B5D60C /* GoogleMaps.framework in Frameworks */ = {isa = PBXBuildFile; fileRef = B0A1E6381AB7959300B5D60C /* GoogleMaps.framework */; };
		B0A1E6401AB795C400B5D60C /* AVFoundation.framework in Frameworks */ = {isa = PBXBuildFile; fileRef = B0A1E63C1AB795C400B5D60C /* AVFoundation.framework */; };
		B0A1E6411AB795C400B5D60C /* CoreData.framework in Frameworks */ = {isa = PBXBuildFile; fileRef = B0A1E63D1AB795C400B5D60C /* CoreData.framework */; };
		B0A1E6421AB795C400B5D60C /* CoreLocation.framework in Frameworks */ = {isa = PBXBuildFile; fileRef = B0A1E63E1AB795C400B5D60C /* CoreLocation.framework */; };
		B0A1E6431AB795C400B5D60C /* CoreText.framework in Frameworks */ = {isa = PBXBuildFile; fileRef = B0A1E63F1AB795C400B5D60C /* CoreText.framework */; };
		B0A1E6461AB795CD00B5D60C /* GLKit.framework in Frameworks */ = {isa = PBXBuildFile; fileRef = B0A1E6441AB795CD00B5D60C /* GLKit.framework */; };
		B0A1E6471AB795CE00B5D60C /* OpenGLES.framework in Frameworks */ = {isa = PBXBuildFile; fileRef = B0A1E6451AB795CD00B5D60C /* OpenGLES.framework */; };
		B0A1E6491AB795D800B5D60C /* ImageIO.framework in Frameworks */ = {isa = PBXBuildFile; fileRef = B0A1E6481AB795D800B5D60C /* ImageIO.framework */; };
		B0A1E64B1AB795E100B5D60C /* libc++.dylib in Frameworks */ = {isa = PBXBuildFile; fileRef = B0A1E64A1AB795E100B5D60C /* libc++.dylib */; };
		B0A1E64D1AB795E900B5D60C /* libicucore.dylib in Frameworks */ = {isa = PBXBuildFile; fileRef = B0A1E64C1AB795E900B5D60C /* libicucore.dylib */; };
		B0A1E64F1AB795F100B5D60C /* libz.dylib in Frameworks */ = {isa = PBXBuildFile; fileRef = B0A1E64E1AB795F100B5D60C /* libz.dylib */; };
		B0A1E6511AB795FC00B5D60C /* QuartzCore.framework in Frameworks */ = {isa = PBXBuildFile; fileRef = B0A1E6501AB795FC00B5D60C /* QuartzCore.framework */; };
		B0B0FC601A9F8AE700BE6964 /* BusRouteStorage.m in Sources */ = {isa = PBXBuildFile; fileRef = B0B0FC5F1A9F8AE700BE6964 /* BusRouteStorage.m */; };
		B0BC90681AB7A0FA00135D51 /* GoogleMaps.bundle in Resources */ = {isa = PBXBuildFile; fileRef = B0BC90671AB7A0FA00135D51 /* GoogleMaps.bundle */; };
		B0DB77E91AB2A44800EFDB83 /* all_campus_map.png in Resources */ = {isa = PBXBuildFile; fileRef = B0DB77E51AB2A44800EFDB83 /* all_campus_map.png */; };
		B0DB77EA1AB2A44800EFDB83 /* icons_campus_map.png in Resources */ = {isa = PBXBuildFile; fileRef = B0DB77E61AB2A44800EFDB83 /* icons_campus_map.png */; };
		B0DB77EB1AB2A44800EFDB83 /* none_campus_map.png in Resources */ = {isa = PBXBuildFile; fileRef = B0DB77E71AB2A44800EFDB83 /* none_campus_map.png */; };
		B0DB77EC1AB2A44800EFDB83 /* text_campus_map.png in Resources */ = {isa = PBXBuildFile; fileRef = B0DB77E81AB2A44800EFDB83 /* text_campus_map.png */; };
		B0DDA5331AAA63860027A81D /* AboutUsViewController.m in Sources */ = {isa = PBXBuildFile; fileRef = B0DDA5321AAA63860027A81D /* AboutUsViewController.m */; };
		B0F981E51AAAAC4E00F9370E /* MessageUI.framework in Frameworks */ = {isa = PBXBuildFile; fileRef = B0F981E41AAAAC4E00F9370E /* MessageUI.framework */; };
		B0FC019F1AA7C86900F67493 /* FloorImageViewController.m in Sources */ = {isa = PBXBuildFile; fileRef = B0FC019E1AA7C86900F67493 /* FloorImageViewController.m */; };
		B0FC32751A956FFB00900E3A /* TransitTableViewController.m in Sources */ = {isa = PBXBuildFile; fileRef = B0FC32741A956FFB00900E3A /* TransitTableViewController.m */; };
		D27E32741A984E1A00004735 /* TFHpple.m in Sources */ = {isa = PBXBuildFile; fileRef = D27E326F1A984E1A00004735 /* TFHpple.m */; };
		D27E32751A984E1A00004735 /* TFHppleElement.m in Sources */ = {isa = PBXBuildFile; fileRef = D27E32711A984E1A00004735 /* TFHppleElement.m */; };
		D27E32761A984E1A00004735 /* XPathQuery.m in Sources */ = {isa = PBXBuildFile; fileRef = D27E32731A984E1A00004735 /* XPathQuery.m */; };
		D27E32781A984EC900004735 /* libxml2.dylib in Frameworks */ = {isa = PBXBuildFile; fileRef = D27E32771A984EC900004735 /* libxml2.dylib */; };
		D27E327B1A984EF900004735 /* Campus.m in Sources */ = {isa = PBXBuildFile; fileRef = D27E327A1A984EF900004735 /* Campus.m */; };
		D28E082B1AAFE93900B35F6B /* LoginViewController.m in Sources */ = {isa = PBXBuildFile; fileRef = D28E082A1AAFE93900B35F6B /* LoginViewController.m */; };
		D2B50E091AC6742100D255BC /* Blusson Hall.png in Resources */ = {isa = PBXBuildFile; fileRef = D2B50E081AC6742100D255BC /* Blusson Hall.png */; };
		D2B50E0D1AC6754F00D255BC /* Bennett Library.png in Resources */ = {isa = PBXBuildFile; fileRef = D2B50E0C1AC6754F00D255BC /* Bennett Library.png */; };
		D2EBC4521AA9744C007540DE /* WeatherTableViewController.m in Sources */ = {isa = PBXBuildFile; fileRef = D2EBC4511AA9744C007540DE /* WeatherTableViewController.m */; };
		DC566CC21AA67135006AA2D9 /* MTImageMapView.m in Sources */ = {isa = PBXBuildFile; fileRef = DC566CC11AA67135006AA2D9 /* MTImageMapView.m */; };
		DC566CC61AA67308006AA2D9 /* MapViewController.m in Sources */ = {isa = PBXBuildFile; fileRef = DC566CC51AA67308006AA2D9 /* MapViewController.m */; };
		DC566CD01AA6A1D0006AA2D9 /* SystemConfiguration.framework in Frameworks */ = {isa = PBXBuildFile; fileRef = DC566CCF1AA6A1D0006AA2D9 /* SystemConfiguration.framework */; };
		DC566CD31AA6A44B006AA2D9 /* Reachability.m in Sources */ = {isa = PBXBuildFile; fileRef = DC566CD21AA6A44B006AA2D9 /* Reachability.m */; };
		DC807F9D1A905E55008CA3DC /* ServicesURL.m in Sources */ = {isa = PBXBuildFile; fileRef = DC807F9C1A905E55008CA3DC /* ServicesURL.m */; };
		DC807FA01A905F5A008CA3DC /* ServicesWebViewController.m in Sources */ = {isa = PBXBuildFile; fileRef = DC807F9F1A905F5A008CA3DC /* ServicesWebViewController.m */; };
		DC86567C1A97162E00D908C9 /* AQNorth.html in Resources */ = {isa = PBXBuildFile; fileRef = DC86567B1A97162E00D908C9 /* AQNorth.html */; };
		DC86567E1A97163500D908C9 /* AQSouthWest.html in Resources */ = {isa = PBXBuildFile; fileRef = DC86567D1A97163500D908C9 /* AQSouthWest.html */; };
		DC8656881A97164C00D908C9 /* ConvocationMall.html in Resources */ = {isa = PBXBuildFile; fileRef = DC86567F1A97164C00D908C9 /* ConvocationMall.html */; };
		DC8656891A97164C00D908C9 /* Gaglardi.html in Resources */ = {isa = PBXBuildFile; fileRef = DC8656801A97164C00D908C9 /* Gaglardi.html */; };
		DC86568A1A97164C00D908C9 /* UniversityDriveNorth.html in Resources */ = {isa = PBXBuildFile; fileRef = DC8656811A97164C00D908C9 /* UniversityDriveNorth.html */; };
		DC86568C1A97164C00D908C9 /* Webcam.m in Sources */ = {isa = PBXBuildFile; fileRef = DC8656851A97164C00D908C9 /* Webcam.m */; };
		DC86568D1A97164C00D908C9 /* WebcamWebViewController.m in Sources */ = {isa = PBXBuildFile; fileRef = DC8656871A97164C00D908C9 /* WebcamWebViewController.m */; };
		E7D969531AB25F24008F6796 /* StudentServices.plist in Resources */ = {isa = PBXBuildFile; fileRef = E7D969521AB25F24008F6796 /* StudentServices.plist */; };
		EE6CDB681AC9093200C6284A /* NewsTableViewCell.m in Sources */ = {isa = PBXBuildFile; fileRef = EE6CDB671AC9093200C6284A /* NewsTableViewCell.m */; };
		EEC6B12E1ABCD6890017E966 /* NewsChannelTableViewController.m in Sources */ = {isa = PBXBuildFile; fileRef = EEC6B12D1ABCD6890017E966 /* NewsChannelTableViewController.m */; };
		EEC6B1311ABCDB660017E966 /* Channel.m in Sources */ = {isa = PBXBuildFile; fileRef = EEC6B1301ABCDB660017E966 /* Channel.m */; };
		EEC7864B1AB79312004AF041 /* List.m in Sources */ = {isa = PBXBuildFile; fileRef = EEC786481AB79312004AF041 /* List.m */; };
		EEC7864C1AB79312004AF041 /* Parser.m in Sources */ = {isa = PBXBuildFile; fileRef = EEC7864A1AB79312004AF041 /* Parser.m */; };
		EEC7864F1AB79588004AF041 /* NewsTableViewController.m in Sources */ = {isa = PBXBuildFile; fileRef = EEC7864E1AB79588004AF041 /* NewsTableViewController.m */; };
		EEC87AAD1AC360260095861F /* Channel.plist in Resources */ = {isa = PBXBuildFile; fileRef = EEC87AAC1AC360260095861F /* Channel.plist */; };
/* End PBXBuildFile section */

/* Begin PBXContainerItemProxy section */
		B01BE6971A8D425F0013D9EA /* PBXContainerItemProxy */ = {
			isa = PBXContainerItemProxy;
			containerPortal = B01BE6661A8D425E0013D9EA /* Project object */;
			proxyType = 1;
			remoteGlobalIDString = B01BE66D1A8D425E0013D9EA;
			remoteInfo = SFUnavapp;
		};
/* End PBXContainerItemProxy section */

/* Begin PBXFileReference section */
		0456CFA71AB4BBEE002548B5 /* Health.plist */ = {isa = PBXFileReference; fileEncoding = 4; lastKnownFileType = text.plist.xml; path = Health.plist; sourceTree = "<group>"; };
		0456CFAB1AB4C264002548B5 /* Career.plist */ = {isa = PBXFileReference; fileEncoding = 4; lastKnownFileType = text.plist.xml; path = Career.plist; sourceTree = "<group>"; };
		0456CFB31AB4CAD6002548B5 /* srsContactTableViewController.h */ = {isa = PBXFileReference; fileEncoding = 4; lastKnownFileType = sourcecode.c.h; path = srsContactTableViewController.h; sourceTree = "<group>"; };
		0456CFB41AB4CAD6002548B5 /* srsContactTableViewController.m */ = {isa = PBXFileReference; fileEncoding = 4; lastKnownFileType = sourcecode.c.objc; path = srsContactTableViewController.m; sourceTree = "<group>"; };
		0456CFB61AB4CC33002548B5 /* Security.plist */ = {isa = PBXFileReference; fileEncoding = 4; lastKnownFileType = text.plist.xml; path = Security.plist; sourceTree = "<group>"; };
		0456CFBA1AB4D050002548B5 /* access.plist */ = {isa = PBXFileReference; fileEncoding = 4; lastKnownFileType = text.plist.xml; path = access.plist; sourceTree = "<group>"; };
		045E5E731AB0144200FDF7BC /* burnaby.png */ = {isa = PBXFileReference; lastKnownFileType = image.png; path = burnaby.png; sourceTree = "<group>"; };
		045E5E741AB0144200FDF7BC /* harbourcenter.png */ = {isa = PBXFileReference; lastKnownFileType = image.png; path = harbourcenter.png; sourceTree = "<group>"; };
		045E5E751AB0144200FDF7BC /* surrey.png */ = {isa = PBXFileReference; lastKnownFileType = image.png; path = surrey.png; sourceTree = "<group>"; };
		04971CF11AA381B400AE1F6E /* BurnabyCampus-sm.png */ = {isa = PBXFileReference; lastKnownFileType = image.png; path = "BurnabyCampus-sm.png"; sourceTree = "<group>"; };
		04971CF21AA381B400AE1F6E /* SurreyCampus-sm.png */ = {isa = PBXFileReference; lastKnownFileType = image.png; path = "SurreyCampus-sm.png"; sourceTree = "<group>"; };
		04971CF31AA381B400AE1F6E /* VancouverCampus-sm.png */ = {isa = PBXFileReference; lastKnownFileType = image.png; path = "VancouverCampus-sm.png"; sourceTree = "<group>"; };
		04971CF71AA383EA00AE1F6E /* CampusContactsViewController.h */ = {isa = PBXFileReference; fileEncoding = 4; lastKnownFileType = sourcecode.c.h; path = CampusContactsViewController.h; sourceTree = "<group>"; };
		04971CF81AA383EA00AE1F6E /* CampusContactsViewController.m */ = {isa = PBXFileReference; fileEncoding = 4; lastKnownFileType = sourcecode.c.objc; path = CampusContactsViewController.m; sourceTree = "<group>"; };
		04971D441AA389F600AE1F6E /* Contacts - dial.png */ = {isa = PBXFileReference; lastKnownFileType = image.png; path = "Contacts - dial.png"; sourceTree = "<group>"; };
		04971D451AA389F600AE1F6E /* Contacts - email.png */ = {isa = PBXFileReference; lastKnownFileType = image.png; path = "Contacts - email.png"; sourceTree = "<group>"; };
		04971D461AA389F600AE1F6E /* Contacts - Weblink.png */ = {isa = PBXFileReference; lastKnownFileType = image.png; path = "Contacts - Weblink.png"; sourceTree = "<group>"; };
		049B5BFF1AB1FE1C001521D4 /* ContactsTableViewCell.h */ = {isa = PBXFileReference; fileEncoding = 4; lastKnownFileType = sourcecode.c.h; path = ContactsTableViewCell.h; sourceTree = "<group>"; };
		049B5C001AB1FE1C001521D4 /* ContactsTableViewCell.m */ = {isa = PBXFileReference; fileEncoding = 4; lastKnownFileType = sourcecode.c.objc; path = ContactsTableViewCell.m; sourceTree = "<group>"; };
		049B5C061AB21571001521D4 /* Registrar.plist */ = {isa = PBXFileReference; fileEncoding = 4; lastKnownFileType = text.plist.xml; path = Registrar.plist; sourceTree = "<group>"; };
		049B5C081AB216EC001521D4 /* Financial.plist */ = {isa = PBXFileReference; fileEncoding = 4; lastKnownFileType = text.plist.xml; path = Financial.plist; sourceTree = "<group>"; };
		04DD15811AB4EFC700714CFA /* studContactTableViewController.h */ = {isa = PBXFileReference; fileEncoding = 4; lastKnownFileType = sourcecode.c.h; path = studContactTableViewController.h; sourceTree = "<group>"; };
		04DD15821AB4EFC700714CFA /* studContactTableViewController.m */ = {isa = PBXFileReference; fileEncoding = 4; lastKnownFileType = sourcecode.c.objc; path = studContactTableViewController.m; sourceTree = "<group>"; };
		B0151B1E1ABD23D20092B0BB /* SFUlatlong.plist */ = {isa = PBXFileReference; fileEncoding = 4; lastKnownFileType = text.plist.xml; path = SFUlatlong.plist; sourceTree = "<group>"; };
		B01BE66E1A8D425E0013D9EA /* SFUnavapp.app */ = {isa = PBXFileReference; explicitFileType = wrapper.application; includeInIndex = 0; path = SFUnavapp.app; sourceTree = BUILT_PRODUCTS_DIR; };
		B01BE6711A8D425E0013D9EA /* Foundation.framework */ = {isa = PBXFileReference; lastKnownFileType = wrapper.framework; name = Foundation.framework; path = System/Library/Frameworks/Foundation.framework; sourceTree = SDKROOT; };
		B01BE6731A8D425E0013D9EA /* CoreGraphics.framework */ = {isa = PBXFileReference; lastKnownFileType = wrapper.framework; name = CoreGraphics.framework; path = System/Library/Frameworks/CoreGraphics.framework; sourceTree = SDKROOT; };
		B01BE6751A8D425E0013D9EA /* UIKit.framework */ = {isa = PBXFileReference; lastKnownFileType = wrapper.framework; name = UIKit.framework; path = System/Library/Frameworks/UIKit.framework; sourceTree = SDKROOT; };
		B01BE6791A8D425E0013D9EA /* SFUnavapp-Info.plist */ = {isa = PBXFileReference; lastKnownFileType = text.plist.xml; path = "SFUnavapp-Info.plist"; sourceTree = "<group>"; };
		B01BE67B1A8D425E0013D9EA /* en */ = {isa = PBXFileReference; lastKnownFileType = text.plist.strings; name = en; path = en.lproj/InfoPlist.strings; sourceTree = "<group>"; };
		B01BE67D1A8D425E0013D9EA /* main.m */ = {isa = PBXFileReference; lastKnownFileType = sourcecode.c.objc; path = main.m; sourceTree = "<group>"; };
		B01BE67F1A8D425E0013D9EA /* SFUnavapp-Prefix.pch */ = {isa = PBXFileReference; lastKnownFileType = sourcecode.c.h; path = "SFUnavapp-Prefix.pch"; sourceTree = "<group>"; };
		B01BE6801A8D425E0013D9EA /* AppDelegate.h */ = {isa = PBXFileReference; lastKnownFileType = sourcecode.c.h; path = AppDelegate.h; sourceTree = "<group>"; };
		B01BE6811A8D425E0013D9EA /* AppDelegate.m */ = {isa = PBXFileReference; lastKnownFileType = sourcecode.c.objc; path = AppDelegate.m; sourceTree = "<group>"; };
		B01BE6841A8D425E0013D9EA /* Base */ = {isa = PBXFileReference; lastKnownFileType = file.storyboard; name = Base; path = Base.lproj/Main.storyboard; sourceTree = "<group>"; };
		B01BE68C1A8D425E0013D9EA /* Images.xcassets */ = {isa = PBXFileReference; lastKnownFileType = folder.assetcatalog; path = Images.xcassets; sourceTree = "<group>"; };
		B01BE6921A8D425F0013D9EA /* SFUnavappTests.xctest */ = {isa = PBXFileReference; explicitFileType = wrapper.cfbundle; includeInIndex = 0; path = SFUnavappTests.xctest; sourceTree = BUILT_PRODUCTS_DIR; };
		B01BE6931A8D425F0013D9EA /* XCTest.framework */ = {isa = PBXFileReference; lastKnownFileType = wrapper.framework; name = XCTest.framework; path = Library/Frameworks/XCTest.framework; sourceTree = DEVELOPER_DIR; };
		B01BE69B1A8D425F0013D9EA /* SFUnavappTests-Info.plist */ = {isa = PBXFileReference; lastKnownFileType = text.plist.xml; path = "SFUnavappTests-Info.plist"; sourceTree = "<group>"; };
		B01BE69D1A8D425F0013D9EA /* en */ = {isa = PBXFileReference; lastKnownFileType = text.plist.strings; name = en; path = en.lproj/InfoPlist.strings; sourceTree = "<group>"; };
		B01BE69F1A8D425F0013D9EA /* SFUnavappTests.m */ = {isa = PBXFileReference; lastKnownFileType = sourcecode.c.objc; path = SFUnavappTests.m; sourceTree = "<group>"; };
		B01BE6B51A8D4E8A0013D9EA /* ServicesTableViewController.h */ = {isa = PBXFileReference; fileEncoding = 4; lastKnownFileType = sourcecode.c.h; path = ServicesTableViewController.h; sourceTree = "<group>"; };
		B01BE6B61A8D4E8A0013D9EA /* ServicesTableViewController.m */ = {isa = PBXFileReference; fileEncoding = 4; lastKnownFileType = sourcecode.c.objc; path = ServicesTableViewController.m; sourceTree = "<group>"; };
		B01E40461AB6059500166904 /* OnlineMapViewController.h */ = {isa = PBXFileReference; fileEncoding = 4; lastKnownFileType = sourcecode.c.h; path = OnlineMapViewController.h; sourceTree = "<group>"; };
		B01E40471AB6059500166904 /* OnlineMapViewController.m */ = {isa = PBXFileReference; fileEncoding = 4; lastKnownFileType = sourcecode.c.objc; path = OnlineMapViewController.m; sourceTree = "<group>"; };
		B01E404E1AB6076F00166904 /* all_campus_map_rotated.png */ = {isa = PBXFileReference; lastKnownFileType = image.png; path = all_campus_map_rotated.png; sourceTree = "<group>"; };
		B080DB451AA6BD7900C3F403 /* FloorPlanTableViewController.h */ = {isa = PBXFileReference; fileEncoding = 4; lastKnownFileType = sourcecode.c.h; path = FloorPlanTableViewController.h; sourceTree = "<group>"; };
		B080DB461AA6BD7900C3F403 /* FloorPlanTableViewController.m */ = {isa = PBXFileReference; fileEncoding = 4; lastKnownFileType = sourcecode.c.objc; path = FloorPlanTableViewController.m; sourceTree = "<group>"; };
		B080DB481AA6BDCC00C3F403 /* BuildingObject.h */ = {isa = PBXFileReference; fileEncoding = 4; lastKnownFileType = sourcecode.c.h; path = BuildingObject.h; sourceTree = "<group>"; };
		B080DB491AA6BDCC00C3F403 /* BuildingObject.m */ = {isa = PBXFileReference; fileEncoding = 4; lastKnownFileType = sourcecode.c.objc; path = BuildingObject.m; sourceTree = "<group>"; };
		B08268DB1AB6CD1B0038F7A7 /* Buildings_coord.plist */ = {isa = PBXFileReference; fileEncoding = 4; lastKnownFileType = text.plist.xml; path = Buildings_coord.plist; sourceTree = "<group>"; };
		B08268DD1AB6CD360038F7A7 /* Buildings_name.plist */ = {isa = PBXFileReference; fileEncoding = 4; lastKnownFileType = text.plist.xml; path = Buildings_name.plist; sourceTree = "<group>"; };
		B0859CAE1AACDA3300DA0A4D /* Campus_Map(half res).png */ = {isa = PBXFileReference; lastKnownFileType = image.png; path = "Campus_Map(half res).png"; sourceTree = "<group>"; };
		B0887C941AC627120047F200 /* QRcodescannerViewController.h */ = {isa = PBXFileReference; fileEncoding = 4; lastKnownFileType = sourcecode.c.h; path = QRcodescannerViewController.h; sourceTree = "<group>"; };
		B0887C951AC627120047F200 /* QRcodescannerViewController.m */ = {isa = PBXFileReference; fileEncoding = 4; lastKnownFileType = sourcecode.c.objc; path = QRcodescannerViewController.m; sourceTree = "<group>"; };
		B08D859D1AC46AA700335A19 /* RoadReportTableCell.h */ = {isa = PBXFileReference; fileEncoding = 4; lastKnownFileType = sourcecode.c.h; path = RoadReportTableCell.h; sourceTree = "<group>"; };
		B08D859E1AC46AA700335A19 /* RoadReportTableCell.m */ = {isa = PBXFileReference; fileEncoding = 4; lastKnownFileType = sourcecode.c.objc; path = RoadReportTableCell.m; sourceTree = "<group>"; };
		B0A10C3C1ACA4ED000FC5F35 /* SocialTableViewController.h */ = {isa = PBXFileReference; fileEncoding = 4; lastKnownFileType = sourcecode.c.h; name = SocialTableViewController.h; path = SFUnavapp/SocialTableViewController.h; sourceTree = "<group>"; };
		B0A10C3D1ACA4ED000FC5F35 /* SocialTableViewController.m */ = {isa = PBXFileReference; fileEncoding = 4; lastKnownFileType = sourcecode.c.objc; name = SocialTableViewController.m; path = SFUnavapp/SocialTableViewController.m; sourceTree = "<group>"; };
		B0A10C3F1ACA4F4500FC5F35 /* SocialTableViewCell.h */ = {isa = PBXFileReference; fileEncoding = 4; lastKnownFileType = sourcecode.c.h; name = SocialTableViewCell.h; path = SFUnavapp/SocialTableViewCell.h; sourceTree = "<group>"; };
		B0A10C401ACA4F4500FC5F35 /* SocialTableViewCell.m */ = {isa = PBXFileReference; fileEncoding = 4; lastKnownFileType = sourcecode.c.objc; name = SocialTableViewCell.m; path = SFUnavapp/SocialTableViewCell.m; sourceTree = "<group>"; };
		B0A10C431ACA4F7F00FC5F35 /* Social.plist */ = {isa = PBXFileReference; fileEncoding = 4; lastKnownFileType = text.plist.xml; name = Social.plist; path = SFUnavapp/Social.plist; sourceTree = "<group>"; };
		B0A1E6381AB7959300B5D60C /* GoogleMaps.framework */ = {isa = PBXFileReference; lastKnownFileType = wrapper.framework; path = GoogleMaps.framework; sourceTree = "<group>"; };
		B0A1E63C1AB795C400B5D60C /* AVFoundation.framework */ = {isa = PBXFileReference; lastKnownFileType = wrapper.framework; name = AVFoundation.framework; path = System/Library/Frameworks/AVFoundation.framework; sourceTree = SDKROOT; };
		B0A1E63D1AB795C400B5D60C /* CoreData.framework */ = {isa = PBXFileReference; lastKnownFileType = wrapper.framework; name = CoreData.framework; path = System/Library/Frameworks/CoreData.framework; sourceTree = SDKROOT; };
		B0A1E63E1AB795C400B5D60C /* CoreLocation.framework */ = {isa = PBXFileReference; lastKnownFileType = wrapper.framework; name = CoreLocation.framework; path = System/Library/Frameworks/CoreLocation.framework; sourceTree = SDKROOT; };
		B0A1E63F1AB795C400B5D60C /* CoreText.framework */ = {isa = PBXFileReference; lastKnownFileType = wrapper.framework; name = CoreText.framework; path = System/Library/Frameworks/CoreText.framework; sourceTree = SDKROOT; };
		B0A1E6441AB795CD00B5D60C /* GLKit.framework */ = {isa = PBXFileReference; lastKnownFileType = wrapper.framework; name = GLKit.framework; path = System/Library/Frameworks/GLKit.framework; sourceTree = SDKROOT; };
		B0A1E6451AB795CD00B5D60C /* OpenGLES.framework */ = {isa = PBXFileReference; lastKnownFileType = wrapper.framework; name = OpenGLES.framework; path = System/Library/Frameworks/OpenGLES.framework; sourceTree = SDKROOT; };
		B0A1E6481AB795D800B5D60C /* ImageIO.framework */ = {isa = PBXFileReference; lastKnownFileType = wrapper.framework; name = ImageIO.framework; path = System/Library/Frameworks/ImageIO.framework; sourceTree = SDKROOT; };
		B0A1E64A1AB795E100B5D60C /* libc++.dylib */ = {isa = PBXFileReference; lastKnownFileType = "compiled.mach-o.dylib"; name = "libc++.dylib"; path = "usr/lib/libc++.dylib"; sourceTree = SDKROOT; };
		B0A1E64C1AB795E900B5D60C /* libicucore.dylib */ = {isa = PBXFileReference; lastKnownFileType = "compiled.mach-o.dylib"; name = libicucore.dylib; path = usr/lib/libicucore.dylib; sourceTree = SDKROOT; };
		B0A1E64E1AB795F100B5D60C /* libz.dylib */ = {isa = PBXFileReference; lastKnownFileType = "compiled.mach-o.dylib"; name = libz.dylib; path = usr/lib/libz.dylib; sourceTree = SDKROOT; };
		B0A1E6501AB795FC00B5D60C /* QuartzCore.framework */ = {isa = PBXFileReference; lastKnownFileType = wrapper.framework; name = QuartzCore.framework; path = System/Library/Frameworks/QuartzCore.framework; sourceTree = SDKROOT; };
		B0B0FC5E1A9F8AE700BE6964 /* BusRouteStorage.h */ = {isa = PBXFileReference; fileEncoding = 4; lastKnownFileType = sourcecode.c.h; path = BusRouteStorage.h; sourceTree = "<group>"; };
		B0B0FC5F1A9F8AE700BE6964 /* BusRouteStorage.m */ = {isa = PBXFileReference; fileEncoding = 4; lastKnownFileType = sourcecode.c.objc; path = BusRouteStorage.m; sourceTree = "<group>"; };
		B0BC90671AB7A0FA00135D51 /* GoogleMaps.bundle */ = {isa = PBXFileReference; lastKnownFileType = "wrapper.plug-in"; name = GoogleMaps.bundle; path = GoogleMaps.framework/Versions/A/Resources/GoogleMaps.bundle; sourceTree = "<group>"; };
		B0DB77E51AB2A44800EFDB83 /* all_campus_map.png */ = {isa = PBXFileReference; lastKnownFileType = image.png; path = all_campus_map.png; sourceTree = "<group>"; };
		B0DB77E61AB2A44800EFDB83 /* icons_campus_map.png */ = {isa = PBXFileReference; lastKnownFileType = image.png; path = icons_campus_map.png; sourceTree = "<group>"; };
		B0DB77E71AB2A44800EFDB83 /* none_campus_map.png */ = {isa = PBXFileReference; lastKnownFileType = image.png; path = none_campus_map.png; sourceTree = "<group>"; };
		B0DB77E81AB2A44800EFDB83 /* text_campus_map.png */ = {isa = PBXFileReference; lastKnownFileType = image.png; path = text_campus_map.png; sourceTree = "<group>"; };
		B0DDA5311AAA63860027A81D /* AboutUsViewController.h */ = {isa = PBXFileReference; fileEncoding = 4; lastKnownFileType = sourcecode.c.h; path = AboutUsViewController.h; sourceTree = "<group>"; };
		B0DDA5321AAA63860027A81D /* AboutUsViewController.m */ = {isa = PBXFileReference; fileEncoding = 4; lastKnownFileType = sourcecode.c.objc; path = AboutUsViewController.m; sourceTree = "<group>"; };
		B0F981E41AAAAC4E00F9370E /* MessageUI.framework */ = {isa = PBXFileReference; lastKnownFileType = wrapper.framework; name = MessageUI.framework; path = System/Library/Frameworks/MessageUI.framework; sourceTree = SDKROOT; };
		B0FC019D1AA7C86900F67493 /* FloorImageViewController.h */ = {isa = PBXFileReference; fileEncoding = 4; lastKnownFileType = sourcecode.c.h; path = FloorImageViewController.h; sourceTree = "<group>"; };
		B0FC019E1AA7C86900F67493 /* FloorImageViewController.m */ = {isa = PBXFileReference; fileEncoding = 4; lastKnownFileType = sourcecode.c.objc; path = FloorImageViewController.m; sourceTree = "<group>"; };
		B0FC32731A956FFB00900E3A /* TransitTableViewController.h */ = {isa = PBXFileReference; fileEncoding = 4; lastKnownFileType = sourcecode.c.h; path = TransitTableViewController.h; sourceTree = "<group>"; };
		B0FC32741A956FFB00900E3A /* TransitTableViewController.m */ = {isa = PBXFileReference; fileEncoding = 4; lastKnownFileType = sourcecode.c.objc; path = TransitTableViewController.m; sourceTree = "<group>"; };
		D27E326E1A984E1A00004735 /* TFHpple.h */ = {isa = PBXFileReference; fileEncoding = 4; lastKnownFileType = sourcecode.c.h; path = TFHpple.h; sourceTree = "<group>"; };
		D27E326F1A984E1A00004735 /* TFHpple.m */ = {isa = PBXFileReference; fileEncoding = 4; lastKnownFileType = sourcecode.c.objc; path = TFHpple.m; sourceTree = "<group>"; };
		D27E32701A984E1A00004735 /* TFHppleElement.h */ = {isa = PBXFileReference; fileEncoding = 4; lastKnownFileType = sourcecode.c.h; path = TFHppleElement.h; sourceTree = "<group>"; };
		D27E32711A984E1A00004735 /* TFHppleElement.m */ = {isa = PBXFileReference; fileEncoding = 4; lastKnownFileType = sourcecode.c.objc; path = TFHppleElement.m; sourceTree = "<group>"; };
		D27E32721A984E1A00004735 /* XPathQuery.h */ = {isa = PBXFileReference; fileEncoding = 4; lastKnownFileType = sourcecode.c.h; path = XPathQuery.h; sourceTree = "<group>"; };
		D27E32731A984E1A00004735 /* XPathQuery.m */ = {isa = PBXFileReference; fileEncoding = 4; lastKnownFileType = sourcecode.c.objc; path = XPathQuery.m; sourceTree = "<group>"; };
		D27E32771A984EC900004735 /* libxml2.dylib */ = {isa = PBXFileReference; lastKnownFileType = "compiled.mach-o.dylib"; name = libxml2.dylib; path = usr/lib/libxml2.dylib; sourceTree = SDKROOT; };
		D27E32791A984EF800004735 /* Campus.h */ = {isa = PBXFileReference; fileEncoding = 4; lastKnownFileType = sourcecode.c.h; path = Campus.h; sourceTree = "<group>"; };
		D27E327A1A984EF900004735 /* Campus.m */ = {isa = PBXFileReference; fileEncoding = 4; lastKnownFileType = sourcecode.c.objc; path = Campus.m; sourceTree = "<group>"; };
		D28E08291AAFE93900B35F6B /* LoginViewController.h */ = {isa = PBXFileReference; fileEncoding = 4; lastKnownFileType = sourcecode.c.h; path = LoginViewController.h; sourceTree = "<group>"; };
		D28E082A1AAFE93900B35F6B /* LoginViewController.m */ = {isa = PBXFileReference; fileEncoding = 4; lastKnownFileType = sourcecode.c.objc; path = LoginViewController.m; sourceTree = "<group>"; };
		D2B50E081AC6742100D255BC /* Blusson Hall.png */ = {isa = PBXFileReference; lastKnownFileType = image.png; path = "Blusson Hall.png"; sourceTree = "<group>"; };
		D2B50E0C1AC6754F00D255BC /* Bennett Library.png */ = {isa = PBXFileReference; lastKnownFileType = image.png; path = "Bennett Library.png"; sourceTree = "<group>"; };
		D2EBC4501AA9744C007540DE /* WeatherTableViewController.h */ = {isa = PBXFileReference; fileEncoding = 4; lastKnownFileType = sourcecode.c.h; path = WeatherTableViewController.h; sourceTree = "<group>"; };
		D2EBC4511AA9744C007540DE /* WeatherTableViewController.m */ = {isa = PBXFileReference; fileEncoding = 4; lastKnownFileType = sourcecode.c.objc; path = WeatherTableViewController.m; sourceTree = "<group>"; };
		DC566CC01AA67135006AA2D9 /* MTImageMapView.h */ = {isa = PBXFileReference; fileEncoding = 4; lastKnownFileType = sourcecode.c.h; path = MTImageMapView.h; sourceTree = "<group>"; };
		DC566CC11AA67135006AA2D9 /* MTImageMapView.m */ = {isa = PBXFileReference; fileEncoding = 4; lastKnownFileType = sourcecode.c.objc; path = MTImageMapView.m; sourceTree = "<group>"; };
		DC566CC41AA67308006AA2D9 /* MapViewController.h */ = {isa = PBXFileReference; fileEncoding = 4; lastKnownFileType = sourcecode.c.h; path = MapViewController.h; sourceTree = "<group>"; };
		DC566CC51AA67308006AA2D9 /* MapViewController.m */ = {isa = PBXFileReference; fileEncoding = 4; lastKnownFileType = sourcecode.c.objc; path = MapViewController.m; sourceTree = "<group>"; };
		DC566CCF1AA6A1D0006AA2D9 /* SystemConfiguration.framework */ = {isa = PBXFileReference; lastKnownFileType = wrapper.framework; name = SystemConfiguration.framework; path = System/Library/Frameworks/SystemConfiguration.framework; sourceTree = SDKROOT; };
		DC566CD11AA6A44B006AA2D9 /* Reachability.h */ = {isa = PBXFileReference; fileEncoding = 4; lastKnownFileType = sourcecode.c.h; path = Reachability.h; sourceTree = "<group>"; };
		DC566CD21AA6A44B006AA2D9 /* Reachability.m */ = {isa = PBXFileReference; fileEncoding = 4; lastKnownFileType = sourcecode.c.objc; path = Reachability.m; sourceTree = "<group>"; };
		DC807F9B1A905E55008CA3DC /* ServicesURL.h */ = {isa = PBXFileReference; fileEncoding = 4; lastKnownFileType = sourcecode.c.h; path = ServicesURL.h; sourceTree = "<group>"; };
		DC807F9C1A905E55008CA3DC /* ServicesURL.m */ = {isa = PBXFileReference; fileEncoding = 4; lastKnownFileType = sourcecode.c.objc; path = ServicesURL.m; sourceTree = "<group>"; };
		DC807F9E1A905F5A008CA3DC /* ServicesWebViewController.h */ = {isa = PBXFileReference; fileEncoding = 4; lastKnownFileType = sourcecode.c.h; path = ServicesWebViewController.h; sourceTree = "<group>"; };
		DC807F9F1A905F5A008CA3DC /* ServicesWebViewController.m */ = {isa = PBXFileReference; fileEncoding = 4; lastKnownFileType = sourcecode.c.objc; path = ServicesWebViewController.m; sourceTree = "<group>"; };
		DC86567B1A97162E00D908C9 /* AQNorth.html */ = {isa = PBXFileReference; fileEncoding = 4; lastKnownFileType = text.html; path = AQNorth.html; sourceTree = "<group>"; };
		DC86567D1A97163500D908C9 /* AQSouthWest.html */ = {isa = PBXFileReference; fileEncoding = 4; lastKnownFileType = text.html; path = AQSouthWest.html; sourceTree = "<group>"; };
		DC86567F1A97164C00D908C9 /* ConvocationMall.html */ = {isa = PBXFileReference; fileEncoding = 4; lastKnownFileType = text.html; path = ConvocationMall.html; sourceTree = "<group>"; };
		DC8656801A97164C00D908C9 /* Gaglardi.html */ = {isa = PBXFileReference; fileEncoding = 4; lastKnownFileType = text.html; path = Gaglardi.html; sourceTree = "<group>"; };
		DC8656811A97164C00D908C9 /* UniversityDriveNorth.html */ = {isa = PBXFileReference; fileEncoding = 4; lastKnownFileType = text.html; path = UniversityDriveNorth.html; sourceTree = "<group>"; };
		DC8656841A97164C00D908C9 /* Webcam.h */ = {isa = PBXFileReference; fileEncoding = 4; lastKnownFileType = sourcecode.c.h; path = Webcam.h; sourceTree = "<group>"; };
		DC8656851A97164C00D908C9 /* Webcam.m */ = {isa = PBXFileReference; fileEncoding = 4; lastKnownFileType = sourcecode.c.objc; path = Webcam.m; sourceTree = "<group>"; };
		DC8656861A97164C00D908C9 /* WebcamWebViewController.h */ = {isa = PBXFileReference; fileEncoding = 4; lastKnownFileType = sourcecode.c.h; path = WebcamWebViewController.h; sourceTree = "<group>"; };
		DC8656871A97164C00D908C9 /* WebcamWebViewController.m */ = {isa = PBXFileReference; fileEncoding = 4; lastKnownFileType = sourcecode.c.objc; path = WebcamWebViewController.m; sourceTree = "<group>"; };
		E7D969521AB25F24008F6796 /* StudentServices.plist */ = {isa = PBXFileReference; fileEncoding = 4; lastKnownFileType = text.plist.xml; path = StudentServices.plist; sourceTree = "<group>"; };
		EE6CDB661AC9093200C6284A /* NewsTableViewCell.h */ = {isa = PBXFileReference; fileEncoding = 4; lastKnownFileType = sourcecode.c.h; path = NewsTableViewCell.h; sourceTree = "<group>"; };
		EE6CDB671AC9093200C6284A /* NewsTableViewCell.m */ = {isa = PBXFileReference; fileEncoding = 4; lastKnownFileType = sourcecode.c.objc; path = NewsTableViewCell.m; sourceTree = "<group>"; };
		EEC6B12C1ABCD6890017E966 /* NewsChannelTableViewController.h */ = {isa = PBXFileReference; fileEncoding = 4; lastKnownFileType = sourcecode.c.h; path = NewsChannelTableViewController.h; sourceTree = "<group>"; };
		EEC6B12D1ABCD6890017E966 /* NewsChannelTableViewController.m */ = {isa = PBXFileReference; fileEncoding = 4; lastKnownFileType = sourcecode.c.objc; path = NewsChannelTableViewController.m; sourceTree = "<group>"; };
		EEC6B12F1ABCDB660017E966 /* Channel.h */ = {isa = PBXFileReference; fileEncoding = 4; lastKnownFileType = sourcecode.c.h; path = Channel.h; sourceTree = "<group>"; };
		EEC6B1301ABCDB660017E966 /* Channel.m */ = {isa = PBXFileReference; fileEncoding = 4; lastKnownFileType = sourcecode.c.objc; path = Channel.m; sourceTree = "<group>"; };
		EEC786471AB79312004AF041 /* List.h */ = {isa = PBXFileReference; fileEncoding = 4; lastKnownFileType = sourcecode.c.h; path = List.h; sourceTree = "<group>"; };
		EEC786481AB79312004AF041 /* List.m */ = {isa = PBXFileReference; fileEncoding = 4; lastKnownFileType = sourcecode.c.objc; path = List.m; sourceTree = "<group>"; };
		EEC786491AB79312004AF041 /* Parser.h */ = {isa = PBXFileReference; fileEncoding = 4; lastKnownFileType = sourcecode.c.h; name = Parser.h; path = SFUnavapp/Parser.h; sourceTree = SOURCE_ROOT; };
		EEC7864A1AB79312004AF041 /* Parser.m */ = {isa = PBXFileReference; fileEncoding = 4; lastKnownFileType = sourcecode.c.objc; name = Parser.m; path = SFUnavapp/Parser.m; sourceTree = SOURCE_ROOT; };
		EEC7864D1AB79588004AF041 /* NewsTableViewController.h */ = {isa = PBXFileReference; fileEncoding = 4; lastKnownFileType = sourcecode.c.h; name = NewsTableViewController.h; path = SFUnavapp/NewsTableViewController.h; sourceTree = SOURCE_ROOT; };
		EEC7864E1AB79588004AF041 /* NewsTableViewController.m */ = {isa = PBXFileReference; fileEncoding = 4; lastKnownFileType = sourcecode.c.objc; name = NewsTableViewController.m; path = SFUnavapp/NewsTableViewController.m; sourceTree = SOURCE_ROOT; };
		EEC87AAC1AC360260095861F /* Channel.plist */ = {isa = PBXFileReference; fileEncoding = 4; lastKnownFileType = text.plist.xml; path = Channel.plist; sourceTree = "<group>"; };
/* End PBXFileReference section */

/* Begin PBXFrameworksBuildPhase section */
		B01BE66B1A8D425E0013D9EA /* Frameworks */ = {
			isa = PBXFrameworksBuildPhase;
			buildActionMask = 2147483647;
			files = (
				DC566CD01AA6A1D0006AA2D9 /* SystemConfiguration.framework in Frameworks */,
				B0A1E6511AB795FC00B5D60C /* QuartzCore.framework in Frameworks */,
				B0A1E64F1AB795F100B5D60C /* libz.dylib in Frameworks */,
				B0A1E64D1AB795E900B5D60C /* libicucore.dylib in Frameworks */,
				B0A1E64B1AB795E100B5D60C /* libc++.dylib in Frameworks */,
				B0A1E6491AB795D800B5D60C /* ImageIO.framework in Frameworks */,
				B0A1E6461AB795CD00B5D60C /* GLKit.framework in Frameworks */,
				B0A1E6471AB795CE00B5D60C /* OpenGLES.framework in Frameworks */,
				B0A1E6401AB795C400B5D60C /* AVFoundation.framework in Frameworks */,
				B0A1E6411AB795C400B5D60C /* CoreData.framework in Frameworks */,
				B0A1E6421AB795C400B5D60C /* CoreLocation.framework in Frameworks */,
				B0A1E6431AB795C400B5D60C /* CoreText.framework in Frameworks */,
				B0F981E51AAAAC4E00F9370E /* MessageUI.framework in Frameworks */,
				D27E32781A984EC900004735 /* libxml2.dylib in Frameworks */,
				B01BE6741A8D425E0013D9EA /* CoreGraphics.framework in Frameworks */,
				B01BE6761A8D425E0013D9EA /* UIKit.framework in Frameworks */,
				B0A1E6391AB7959300B5D60C /* GoogleMaps.framework in Frameworks */,
				B01BE6721A8D425E0013D9EA /* Foundation.framework in Frameworks */,
			);
			runOnlyForDeploymentPostprocessing = 0;
		};
		B01BE68F1A8D425F0013D9EA /* Frameworks */ = {
			isa = PBXFrameworksBuildPhase;
			buildActionMask = 2147483647;
			files = (
				B01BE6941A8D425F0013D9EA /* XCTest.framework in Frameworks */,
				B01BE6961A8D425F0013D9EA /* UIKit.framework in Frameworks */,
				B01BE6951A8D425F0013D9EA /* Foundation.framework in Frameworks */,
			);
			runOnlyForDeploymentPostprocessing = 0;
		};
/* End PBXFrameworksBuildPhase section */

/* Begin PBXGroup section */
		0456CFBC1AB4ECDE002548B5 /* plists */ = {
			isa = PBXGroup;
			children = (
				049B5C061AB21571001521D4 /* Registrar.plist */,
				049B5C081AB216EC001521D4 /* Financial.plist */,
				0456CFA71AB4BBEE002548B5 /* Health.plist */,
				0456CFAB1AB4C264002548B5 /* Career.plist */,
				0456CFB61AB4CC33002548B5 /* Security.plist */,
				0456CFBA1AB4D050002548B5 /* access.plist */,
				E7D969521AB25F24008F6796 /* StudentServices.plist */,
			);
			name = plists;
			sourceTree = "<group>";
		};
		B01BE6651A8D425E0013D9EA = {
			isa = PBXGroup;
			children = (
				B0A10C421ACA4F4C00FC5F35 /* Social */,
				B01BE6771A8D425E0013D9EA /* SFUnavapp */,
				B01BE6991A8D425F0013D9EA /* SFUnavappTests */,
				B01BE6701A8D425E0013D9EA /* Frameworks */,
				B01BE66F1A8D425E0013D9EA /* Products */,
			);
			sourceTree = "<group>";
		};
		B01BE66F1A8D425E0013D9EA /* Products */ = {
			isa = PBXGroup;
			children = (
				B01BE66E1A8D425E0013D9EA /* SFUnavapp.app */,
				B01BE6921A8D425F0013D9EA /* SFUnavappTests.xctest */,
			);
			name = Products;
			sourceTree = "<group>";
		};
		B01BE6701A8D425E0013D9EA /* Frameworks */ = {
			isa = PBXGroup;
			children = (
				B0BC90671AB7A0FA00135D51 /* GoogleMaps.bundle */,
				B0A1E6501AB795FC00B5D60C /* QuartzCore.framework */,
				B0A1E64E1AB795F100B5D60C /* libz.dylib */,
				B0A1E64C1AB795E900B5D60C /* libicucore.dylib */,
				B0A1E64A1AB795E100B5D60C /* libc++.dylib */,
				B0A1E6481AB795D800B5D60C /* ImageIO.framework */,
				B0A1E6441AB795CD00B5D60C /* GLKit.framework */,
				B0A1E6451AB795CD00B5D60C /* OpenGLES.framework */,
				B0A1E63C1AB795C400B5D60C /* AVFoundation.framework */,
				B0A1E63D1AB795C400B5D60C /* CoreData.framework */,
				B0A1E63E1AB795C400B5D60C /* CoreLocation.framework */,
				B0A1E63F1AB795C400B5D60C /* CoreText.framework */,
				B0A1E6381AB7959300B5D60C /* GoogleMaps.framework */,
				B0F981E41AAAAC4E00F9370E /* MessageUI.framework */,
				DC566CCF1AA6A1D0006AA2D9 /* SystemConfiguration.framework */,
				D27E32771A984EC900004735 /* libxml2.dylib */,
				B01BE6711A8D425E0013D9EA /* Foundation.framework */,
				B01BE6731A8D425E0013D9EA /* CoreGraphics.framework */,
				B01BE6751A8D425E0013D9EA /* UIKit.framework */,
				B01BE6931A8D425F0013D9EA /* XCTest.framework */,
			);
			name = Frameworks;
			sourceTree = "<group>";
		};
		B01BE6771A8D425E0013D9EA /* SFUnavapp */ = {
			isa = PBXGroup;
			children = (
				DC566CC31AA67149006AA2D9 /* MTImageMapView */,
				D27E326D1A984E0000004735 /* hpple_parser */,
				DC566CD41AA6A45B006AA2D9 /* Reachability */,
				B01BE6831A8D425E0013D9EA /* Main.storyboard */,
				B01BE6801A8D425E0013D9EA /* AppDelegate.h */,
				B01BE6811A8D425E0013D9EA /* AppDelegate.m */,
				D2B50E0E1AC679F300D255BC /* About Us */,
				EE9A4CDA1ABA2FE0008AE555 /* News */,
				B0887C931AC626E20047F200 /* Transit */,
				DC86567A1A9715EC00D908C9 /* Weather */,
				DC8656771A9715C600D908C9 /* Services */,
				DC8656781A9715D300D908C9 /* Contacts */,
				DC8656791A9715DC00D908C9 /* Map */,
				B01BE68C1A8D425E0013D9EA /* Images.xcassets */,
				B01BE6781A8D425E0013D9EA /* Supporting Files */,
				D2B50E0F1AC67A0100D255BC /* QR Scanner */,
			);
			path = SFUnavapp;
			sourceTree = "<group>";
		};
		B01BE6781A8D425E0013D9EA /* Supporting Files */ = {
			isa = PBXGroup;
			children = (
				045E5E731AB0144200FDF7BC /* burnaby.png */,
				045E5E741AB0144200FDF7BC /* harbourcenter.png */,
				045E5E751AB0144200FDF7BC /* surrey.png */,
				04971D441AA389F600AE1F6E /* Contacts - dial.png */,
				04971D451AA389F600AE1F6E /* Contacts - email.png */,
				B0859CAE1AACDA3300DA0A4D /* Campus_Map(half res).png */,
				04971D461AA389F600AE1F6E /* Contacts - Weblink.png */,
				B0DB77E51AB2A44800EFDB83 /* all_campus_map.png */,
				B0DB77E61AB2A44800EFDB83 /* icons_campus_map.png */,
				B0DB77E71AB2A44800EFDB83 /* none_campus_map.png */,
				B01E404E1AB6076F00166904 /* all_campus_map_rotated.png */,
				B0DB77E81AB2A44800EFDB83 /* text_campus_map.png */,
				04971CF11AA381B400AE1F6E /* BurnabyCampus-sm.png */,
				D2B50E0C1AC6754F00D255BC /* Bennett Library.png */,
				D2B50E081AC6742100D255BC /* Blusson Hall.png */,
				04971CF21AA381B400AE1F6E /* SurreyCampus-sm.png */,
				04971CF31AA381B400AE1F6E /* VancouverCampus-sm.png */,
				B01BE6791A8D425E0013D9EA /* SFUnavapp-Info.plist */,
				B01BE67A1A8D425E0013D9EA /* InfoPlist.strings */,
				B01BE67D1A8D425E0013D9EA /* main.m */,
				B01BE67F1A8D425E0013D9EA /* SFUnavapp-Prefix.pch */,
			);
			name = "Supporting Files";
			sourceTree = "<group>";
		};
		B01BE6991A8D425F0013D9EA /* SFUnavappTests */ = {
			isa = PBXGroup;
			children = (
				B01BE69F1A8D425F0013D9EA /* SFUnavappTests.m */,
				B01BE69A1A8D425F0013D9EA /* Supporting Files */,
			);
			path = SFUnavappTests;
			sourceTree = "<group>";
		};
		B01BE69A1A8D425F0013D9EA /* Supporting Files */ = {
			isa = PBXGroup;
			children = (
				B01BE69B1A8D425F0013D9EA /* SFUnavappTests-Info.plist */,
				B01BE69C1A8D425F0013D9EA /* InfoPlist.strings */,
			);
			name = "Supporting Files";
			sourceTree = "<group>";
		};
		B0887C931AC626E20047F200 /* Transit */ = {
			isa = PBXGroup;
			children = (
				B0FC32731A956FFB00900E3A /* TransitTableViewController.h */,
				B0FC32741A956FFB00900E3A /* TransitTableViewController.m */,
				B0B0FC5E1A9F8AE700BE6964 /* BusRouteStorage.h */,
				B0B0FC5F1A9F8AE700BE6964 /* BusRouteStorage.m */,
			);
			name = Transit;
			sourceTree = "<group>";
		};
		B0A10C421ACA4F4C00FC5F35 /* Social */ = {
			isa = PBXGroup;
			children = (
				B0A10C3D1ACA4ED000FC5F35 /* SocialTableViewController.m */,
				B0A10C3C1ACA4ED000FC5F35 /* SocialTableViewController.h */,
				B0A10C3F1ACA4F4500FC5F35 /* SocialTableViewCell.h */,
				B0A10C401ACA4F4500FC5F35 /* SocialTableViewCell.m */,
				B0A10C431ACA4F7F00FC5F35 /* Social.plist */,
			);
			name = Social;
			sourceTree = "<group>";
		};
		D27E326D1A984E0000004735 /* hpple_parser */ = {
			isa = PBXGroup;
			children = (
				D27E326E1A984E1A00004735 /* TFHpple.h */,
				D27E326F1A984E1A00004735 /* TFHpple.m */,
				D27E32701A984E1A00004735 /* TFHppleElement.h */,
				D27E32711A984E1A00004735 /* TFHppleElement.m */,
				D27E32721A984E1A00004735 /* XPathQuery.h */,
				D27E32731A984E1A00004735 /* XPathQuery.m */,
			);
			name = hpple_parser;
			sourceTree = "<group>";
		};
		D2B50E0E1AC679F300D255BC /* About Us */ = {
			isa = PBXGroup;
			children = (
				B0DDA5311AAA63860027A81D /* AboutUsViewController.h */,
				B0DDA5321AAA63860027A81D /* AboutUsViewController.m */,
			);
			name = "About Us";
			sourceTree = "<group>";
		};
		D2B50E0F1AC67A0100D255BC /* QR Scanner */ = {
			isa = PBXGroup;
			children = (
				B0887C941AC627120047F200 /* QRcodescannerViewController.h */,
				B0887C951AC627120047F200 /* QRcodescannerViewController.m */,
			);
			name = "QR Scanner";
			sourceTree = "<group>";
		};
		DC566CC31AA67149006AA2D9 /* MTImageMapView */ = {
			isa = PBXGroup;
			children = (
				DC566CC01AA67135006AA2D9 /* MTImageMapView.h */,
				DC566CC11AA67135006AA2D9 /* MTImageMapView.m */,
			);
			name = MTImageMapView;
			sourceTree = "<group>";
		};
		DC566CD41AA6A45B006AA2D9 /* Reachability */ = {
			isa = PBXGroup;
			children = (
				DC566CD11AA6A44B006AA2D9 /* Reachability.h */,
				DC566CD21AA6A44B006AA2D9 /* Reachability.m */,
			);
			name = Reachability;
			sourceTree = "<group>";
		};
		DC8656771A9715C600D908C9 /* Services */ = {
			isa = PBXGroup;
			children = (
				D28E08291AAFE93900B35F6B /* LoginViewController.h */,
				D28E082A1AAFE93900B35F6B /* LoginViewController.m */,
				DC807F9E1A905F5A008CA3DC /* ServicesWebViewController.h */,
				DC807F9F1A905F5A008CA3DC /* ServicesWebViewController.m */,
				DC807F9B1A905E55008CA3DC /* ServicesURL.h */,
				DC807F9C1A905E55008CA3DC /* ServicesURL.m */,
				B01BE6B51A8D4E8A0013D9EA /* ServicesTableViewController.h */,
				B01BE6B61A8D4E8A0013D9EA /* ServicesTableViewController.m */,
			);
			name = Services;
			sourceTree = "<group>";
		};
		DC8656781A9715D300D908C9 /* Contacts */ = {
			isa = PBXGroup;
			children = (
				04971CF71AA383EA00AE1F6E /* CampusContactsViewController.h */,
				04971CF81AA383EA00AE1F6E /* CampusContactsViewController.m */,
				04DD15811AB4EFC700714CFA /* studContactTableViewController.h */,
				04DD15821AB4EFC700714CFA /* studContactTableViewController.m */,
				0456CFB31AB4CAD6002548B5 /* srsContactTableViewController.h */,
				0456CFB41AB4CAD6002548B5 /* srsContactTableViewController.m */,
				049B5BFF1AB1FE1C001521D4 /* ContactsTableViewCell.h */,
				049B5C001AB1FE1C001521D4 /* ContactsTableViewCell.m */,
				0456CFBC1AB4ECDE002548B5 /* plists */,
			);
			name = Contacts;
			sourceTree = "<group>";
		};
		DC8656791A9715DC00D908C9 /* Map */ = {
			isa = PBXGroup;
			children = (
				DC566CC41AA67308006AA2D9 /* MapViewController.h */,
				DC566CC51AA67308006AA2D9 /* MapViewController.m */,
				B080DB451AA6BD7900C3F403 /* FloorPlanTableViewController.h */,
				B080DB461AA6BD7900C3F403 /* FloorPlanTableViewController.m */,
				B080DB481AA6BDCC00C3F403 /* BuildingObject.h */,
				B080DB491AA6BDCC00C3F403 /* BuildingObject.m */,
				B0FC019D1AA7C86900F67493 /* FloorImageViewController.h */,
				B0FC019E1AA7C86900F67493 /* FloorImageViewController.m */,
				B01E40461AB6059500166904 /* OnlineMapViewController.h */,
				B01E40471AB6059500166904 /* OnlineMapViewController.m */,
				B08268DB1AB6CD1B0038F7A7 /* Buildings_coord.plist */,
				B08268DD1AB6CD360038F7A7 /* Buildings_name.plist */,
				B0151B1E1ABD23D20092B0BB /* SFUlatlong.plist */,
			);
			name = Map;
			sourceTree = "<group>";
		};
		DC86567A1A9715EC00D908C9 /* Weather */ = {
			isa = PBXGroup;
			children = (
				DC86568E1A97165500D908C9 /* Websites */,
				D2EBC4501AA9744C007540DE /* WeatherTableViewController.h */,
				B08D859D1AC46AA700335A19 /* RoadReportTableCell.h */,
				B08D859E1AC46AA700335A19 /* RoadReportTableCell.m */,
				D2EBC4511AA9744C007540DE /* WeatherTableViewController.m */,
				DC8656841A97164C00D908C9 /* Webcam.h */,
				DC8656851A97164C00D908C9 /* Webcam.m */,
				DC8656861A97164C00D908C9 /* WebcamWebViewController.h */,
				DC8656871A97164C00D908C9 /* WebcamWebViewController.m */,
				D27E32791A984EF800004735 /* Campus.h */,
				D27E327A1A984EF900004735 /* Campus.m */,
			);
			name = Weather;
			sourceTree = "<group>";
		};
		DC86568E1A97165500D908C9 /* Websites */ = {
			isa = PBXGroup;
			children = (
				DC86567B1A97162E00D908C9 /* AQNorth.html */,
				DC86567D1A97163500D908C9 /* AQSouthWest.html */,
				DC86567F1A97164C00D908C9 /* ConvocationMall.html */,
				DC8656801A97164C00D908C9 /* Gaglardi.html */,
				DC8656811A97164C00D908C9 /* UniversityDriveNorth.html */,
			);
			name = Websites;
			sourceTree = "<group>";
		};
		EE9A4CDA1ABA2FE0008AE555 /* News */ = {
			isa = PBXGroup;
			children = (
				EEC6B12C1ABCD6890017E966 /* NewsChannelTableViewController.h */,
				EEC6B12D1ABCD6890017E966 /* NewsChannelTableViewController.m */,
				EEC786471AB79312004AF041 /* List.h */,
				EEC786481AB79312004AF041 /* List.m */,
				EEC6B12F1ABCDB660017E966 /* Channel.h */,
				EEC6B1301ABCDB660017E966 /* Channel.m */,
				EEC7864A1AB79312004AF041 /* Parser.m */,
				EEC786491AB79312004AF041 /* Parser.h */,
				EEC7864E1AB79588004AF041 /* NewsTableViewController.m */,
				EEC7864D1AB79588004AF041 /* NewsTableViewController.h */,
				EEC87AAC1AC360260095861F /* Channel.plist */,
				EE6CDB661AC9093200C6284A /* NewsTableViewCell.h */,
				EE6CDB671AC9093200C6284A /* NewsTableViewCell.m */,
			);
			name = News;
			sourceTree = "<group>";
		};
/* End PBXGroup section */

/* Begin PBXNativeTarget section */
		B01BE66D1A8D425E0013D9EA /* SFUnavapp */ = {
			isa = PBXNativeTarget;
			buildConfigurationList = B01BE6A31A8D425F0013D9EA /* Build configuration list for PBXNativeTarget "SFUnavapp" */;
			buildPhases = (
				B01BE66A1A8D425E0013D9EA /* Sources */,
				B01BE66B1A8D425E0013D9EA /* Frameworks */,
				B01BE66C1A8D425E0013D9EA /* Resources */,
			);
			buildRules = (
			);
			dependencies = (
			);
			name = SFUnavapp;
			productName = SFUnavapp;
			productReference = B01BE66E1A8D425E0013D9EA /* SFUnavapp.app */;
			productType = "com.apple.product-type.application";
		};
		B01BE6911A8D425F0013D9EA /* SFUnavappTests */ = {
			isa = PBXNativeTarget;
			buildConfigurationList = B01BE6A61A8D425F0013D9EA /* Build configuration list for PBXNativeTarget "SFUnavappTests" */;
			buildPhases = (
				B01BE68E1A8D425F0013D9EA /* Sources */,
				B01BE68F1A8D425F0013D9EA /* Frameworks */,
				B01BE6901A8D425F0013D9EA /* Resources */,
			);
			buildRules = (
			);
			dependencies = (
				B01BE6981A8D425F0013D9EA /* PBXTargetDependency */,
			);
			name = SFUnavappTests;
			productName = SFUnavappTests;
			productReference = B01BE6921A8D425F0013D9EA /* SFUnavappTests.xctest */;
			productType = "com.apple.product-type.bundle.unit-test";
		};
/* End PBXNativeTarget section */

/* Begin PBXProject section */
		B01BE6661A8D425E0013D9EA /* Project object */ = {
			isa = PBXProject;
			attributes = {
				LastUpgradeCheck = 0510;
				ORGANIZATIONNAME = "Team NoMacs";
				TargetAttributes = {
					B01BE66D1A8D425E0013D9EA = {
						DevelopmentTeam = XM6475YHW9;
					};
					B01BE6911A8D425F0013D9EA = {
						TestTargetID = B01BE66D1A8D425E0013D9EA;
					};
				};
			};
			buildConfigurationList = B01BE6691A8D425E0013D9EA /* Build configuration list for PBXProject "SFUnavapp" */;
			compatibilityVersion = "Xcode 3.2";
			developmentRegion = English;
			hasScannedForEncodings = 0;
			knownRegions = (
				en,
				Base,
			);
			mainGroup = B01BE6651A8D425E0013D9EA;
			productRefGroup = B01BE66F1A8D425E0013D9EA /* Products */;
			projectDirPath = "";
			projectRoot = "";
			targets = (
				B01BE66D1A8D425E0013D9EA /* SFUnavapp */,
				B01BE6911A8D425F0013D9EA /* SFUnavappTests */,
			);
		};
/* End PBXProject section */

/* Begin PBXResourcesBuildPhase section */
		B01BE66C1A8D425E0013D9EA /* Resources */ = {
			isa = PBXResourcesBuildPhase;
			buildActionMask = 2147483647;
			files = (
				DC86567C1A97162E00D908C9 /* AQNorth.html in Resources */,
				B0DB77EB1AB2A44800EFDB83 /* none_campus_map.png in Resources */,
				B08268DC1AB6CD1B0038F7A7 /* Buildings_coord.plist in Resources */,
				B01BE68D1A8D425E0013D9EA /* Images.xcassets in Resources */,
				B0859CAF1AACDA3300DA0A4D /* Campus_Map(half res).png in Resources */,
				B0DB77EA1AB2A44800EFDB83 /* icons_campus_map.png in Resources */,
				B01BE67C1A8D425E0013D9EA /* InfoPlist.strings in Resources */,
				D2B50E091AC6742100D255BC /* Blusson Hall.png in Resources */,
				DC86568A1A97164C00D908C9 /* UniversityDriveNorth.html in Resources */,
				04971D471AA389F600AE1F6E /* Contacts - dial.png in Resources */,
				B0151B1F1ABD23D20092B0BB /* SFUlatlong.plist in Resources */,
				04971D491AA389F600AE1F6E /* Contacts - Weblink.png in Resources */,
				DC86567E1A97163500D908C9 /* AQSouthWest.html in Resources */,
				049B5C071AB21571001521D4 /* Registrar.plist in Resources */,
				0456CFBB1AB4D050002548B5 /* access.plist in Resources */,
				0456CFAC1AB4C264002548B5 /* Career.plist in Resources */,
				045E5E781AB0144200FDF7BC /* surrey.png in Resources */,
				04971CF41AA381B400AE1F6E /* BurnabyCampus-sm.png in Resources */,
				D2B50E0D1AC6754F00D255BC /* Bennett Library.png in Resources */,
				04971D481AA389F600AE1F6E /* Contacts - email.png in Resources */,
				045E5E771AB0144200FDF7BC /* harbourcenter.png in Resources */,
				B08268DE1AB6CD360038F7A7 /* Buildings_name.plist in Resources */,
				DC8656881A97164C00D908C9 /* ConvocationMall.html in Resources */,
				DC8656891A97164C00D908C9 /* Gaglardi.html in Resources */,
				B01E404F1AB6076F00166904 /* all_campus_map_rotated.png in Resources */,
				B0DB77EC1AB2A44800EFDB83 /* text_campus_map.png in Resources */,
				EEC87AAD1AC360260095861F /* Channel.plist in Resources */,
				049B5C091AB216EC001521D4 /* Financial.plist in Resources */,
				0456CFB71AB4CC33002548B5 /* Security.plist in Resources */,
				B0BC90681AB7A0FA00135D51 /* GoogleMaps.bundle in Resources */,
				04971CF51AA381B400AE1F6E /* SurreyCampus-sm.png in Resources */,
				04971CF61AA381B400AE1F6E /* VancouverCampus-sm.png in Resources */,
				B01BE6851A8D425E0013D9EA /* Main.storyboard in Resources */,
				0456CFA81AB4BBEE002548B5 /* Health.plist in Resources */,
				B0DB77E91AB2A44800EFDB83 /* all_campus_map.png in Resources */,
				B0A10C441ACA4F7F00FC5F35 /* Social.plist in Resources */,
				E7D969531AB25F24008F6796 /* StudentServices.plist in Resources */,
				045E5E761AB0144200FDF7BC /* burnaby.png in Resources */,
			);
			runOnlyForDeploymentPostprocessing = 0;
		};
		B01BE6901A8D425F0013D9EA /* Resources */ = {
			isa = PBXResourcesBuildPhase;
			buildActionMask = 2147483647;
			files = (
				B01BE69E1A8D425F0013D9EA /* InfoPlist.strings in Resources */,
			);
			runOnlyForDeploymentPostprocessing = 0;
		};
/* End PBXResourcesBuildPhase section */

/* Begin PBXSourcesBuildPhase section */
		B01BE66A1A8D425E0013D9EA /* Sources */ = {
			isa = PBXSourcesBuildPhase;
			buildActionMask = 2147483647;
			files = (
				DC86568C1A97164C00D908C9 /* Webcam.m in Sources */,
				B0887C961AC627120047F200 /* QRcodescannerViewController.m in Sources */,
				0456CFB51AB4CAD6002548B5 /* srsContactTableViewController.m in Sources */,
				D28E082B1AAFE93900B35F6B /* LoginViewController.m in Sources */,
				B0FC32751A956FFB00900E3A /* TransitTableViewController.m in Sources */,
				B01BE6B71A8D4E8A0013D9EA /* ServicesTableViewController.m in Sources */,
				EE6CDB681AC9093200C6284A /* NewsTableViewCell.m in Sources */,
				EEC6B1311ABCDB660017E966 /* Channel.m in Sources */,
				D27E32751A984E1A00004735 /* TFHppleElement.m in Sources */,
				B0FC019F1AA7C86900F67493 /* FloorImageViewController.m in Sources */,
				B080DB4A1AA6BDCC00C3F403 /* BuildingObject.m in Sources */,
				B080DB471AA6BD7900C3F403 /* FloorPlanTableViewController.m in Sources */,
				DC566CC21AA67135006AA2D9 /* MTImageMapView.m in Sources */,
				DC807FA01A905F5A008CA3DC /* ServicesWebViewController.m in Sources */,
				D27E32761A984E1A00004735 /* XPathQuery.m in Sources */,
				D27E32741A984E1A00004735 /* TFHpple.m in Sources */,
				B0B0FC601A9F8AE700BE6964 /* BusRouteStorage.m in Sources */,
				B0A10C411ACA4F4500FC5F35 /* SocialTableViewCell.m in Sources */,
				B01BE6821A8D425E0013D9EA /* AppDelegate.m in Sources */,
				04DD15831AB4EFC700714CFA /* studContactTableViewController.m in Sources */,
				B01BE67E1A8D425E0013D9EA /* main.m in Sources */,
				04971CF91AA383EA00AE1F6E /* CampusContactsViewController.m in Sources */,
				DC807F9D1A905E55008CA3DC /* ServicesURL.m in Sources */,
				EEC7864C1AB79312004AF041 /* Parser.m in Sources */,
				B08D859F1AC46AA700335A19 /* RoadReportTableCell.m in Sources */,
				D27E327B1A984EF900004735 /* Campus.m in Sources */,
				D2EBC4521AA9744C007540DE /* WeatherTableViewController.m in Sources */,
				049B5C011AB1FE1C001521D4 /* ContactsTableViewCell.m in Sources */,
				B0DDA5331AAA63860027A81D /* AboutUsViewController.m in Sources */,
				B0A10C3E1ACA4ED000FC5F35 /* SocialTableViewController.m in Sources */,
				EEC7864F1AB79588004AF041 /* NewsTableViewController.m in Sources */,
				B01E40481AB6059500166904 /* OnlineMapViewController.m in Sources */,
				DC566CC61AA67308006AA2D9 /* MapViewController.m in Sources */,
				EEC7864B1AB79312004AF041 /* List.m in Sources */,
				EEC6B12E1ABCD6890017E966 /* NewsChannelTableViewController.m in Sources */,
				DC566CD31AA6A44B006AA2D9 /* Reachability.m in Sources */,
				DC86568D1A97164C00D908C9 /* WebcamWebViewController.m in Sources */,
			);
			runOnlyForDeploymentPostprocessing = 0;
		};
		B01BE68E1A8D425F0013D9EA /* Sources */ = {
			isa = PBXSourcesBuildPhase;
			buildActionMask = 2147483647;
			files = (
				B01BE6A01A8D425F0013D9EA /* SFUnavappTests.m in Sources */,
			);
			runOnlyForDeploymentPostprocessing = 0;
		};
/* End PBXSourcesBuildPhase section */

/* Begin PBXTargetDependency section */
		B01BE6981A8D425F0013D9EA /* PBXTargetDependency */ = {
			isa = PBXTargetDependency;
			target = B01BE66D1A8D425E0013D9EA /* SFUnavapp */;
			targetProxy = B01BE6971A8D425F0013D9EA /* PBXContainerItemProxy */;
		};
/* End PBXTargetDependency section */

/* Begin PBXVariantGroup section */
		B01BE67A1A8D425E0013D9EA /* InfoPlist.strings */ = {
			isa = PBXVariantGroup;
			children = (
				B01BE67B1A8D425E0013D9EA /* en */,
			);
			name = InfoPlist.strings;
			sourceTree = "<group>";
		};
		B01BE6831A8D425E0013D9EA /* Main.storyboard */ = {
			isa = PBXVariantGroup;
			children = (
				B01BE6841A8D425E0013D9EA /* Base */,
			);
			name = Main.storyboard;
			sourceTree = "<group>";
		};
		B01BE69C1A8D425F0013D9EA /* InfoPlist.strings */ = {
			isa = PBXVariantGroup;
			children = (
				B01BE69D1A8D425F0013D9EA /* en */,
			);
			name = InfoPlist.strings;
			sourceTree = "<group>";
		};
/* End PBXVariantGroup section */

/* Begin XCBuildConfiguration section */
		B01BE6A11A8D425F0013D9EA /* Debug */ = {
			isa = XCBuildConfiguration;
			buildSettings = {
				ALWAYS_SEARCH_USER_PATHS = NO;
				CLANG_CXX_LANGUAGE_STANDARD = "gnu++0x";
				CLANG_CXX_LIBRARY = "libc++";
				CLANG_ENABLE_MODULES = YES;
				CLANG_ENABLE_OBJC_ARC = YES;
				CLANG_WARN_BOOL_CONVERSION = YES;
				CLANG_WARN_CONSTANT_CONVERSION = YES;
				CLANG_WARN_DIRECT_OBJC_ISA_USAGE = YES_ERROR;
				CLANG_WARN_EMPTY_BODY = YES;
				CLANG_WARN_ENUM_CONVERSION = YES;
				CLANG_WARN_INT_CONVERSION = YES;
				CLANG_WARN_OBJC_ROOT_CLASS = YES_ERROR;
				CLANG_WARN__DUPLICATE_METHOD_MATCH = YES;
				CODE_SIGN_IDENTITY = "iPhone Developer";
				"CODE_SIGN_IDENTITY[sdk=iphoneos*]" = "iPhone Developer";
				COPY_PHASE_STRIP = NO;
				GCC_C_LANGUAGE_STANDARD = gnu99;
				GCC_DYNAMIC_NO_PIC = NO;
				GCC_OPTIMIZATION_LEVEL = 0;
				GCC_PREPROCESSOR_DEFINITIONS = (
					"DEBUG=1",
					"$(inherited)",
				);
				GCC_SYMBOLS_PRIVATE_EXTERN = NO;
				GCC_WARN_64_TO_32_BIT_CONVERSION = YES;
				GCC_WARN_ABOUT_RETURN_TYPE = YES_ERROR;
				GCC_WARN_UNDECLARED_SELECTOR = YES;
				GCC_WARN_UNINITIALIZED_AUTOS = YES_AGGRESSIVE;
				GCC_WARN_UNUSED_FUNCTION = YES;
				GCC_WARN_UNUSED_VARIABLE = YES;
				IPHONEOS_DEPLOYMENT_TARGET = 7.1;
				ONLY_ACTIVE_ARCH = YES;
				"OTHER_LDFLAGS[arch=*]" = "-ObjC";
				SDKROOT = iphoneos;
			};
			name = Debug;
		};
		B01BE6A21A8D425F0013D9EA /* Release */ = {
			isa = XCBuildConfiguration;
			buildSettings = {
				ALWAYS_SEARCH_USER_PATHS = NO;
				CLANG_CXX_LANGUAGE_STANDARD = "gnu++0x";
				CLANG_CXX_LIBRARY = "libc++";
				CLANG_ENABLE_MODULES = YES;
				CLANG_ENABLE_OBJC_ARC = YES;
				CLANG_WARN_BOOL_CONVERSION = YES;
				CLANG_WARN_CONSTANT_CONVERSION = YES;
				CLANG_WARN_DIRECT_OBJC_ISA_USAGE = YES_ERROR;
				CLANG_WARN_EMPTY_BODY = YES;
				CLANG_WARN_ENUM_CONVERSION = YES;
				CLANG_WARN_INT_CONVERSION = YES;
				CLANG_WARN_OBJC_ROOT_CLASS = YES_ERROR;
				CLANG_WARN__DUPLICATE_METHOD_MATCH = YES;
				CODE_SIGN_IDENTITY = "";
				"CODE_SIGN_IDENTITY[sdk=iphoneos*]" = "iPhone Developer";
				COPY_PHASE_STRIP = YES;
				ENABLE_NS_ASSERTIONS = NO;
				GCC_C_LANGUAGE_STANDARD = gnu99;
				GCC_WARN_64_TO_32_BIT_CONVERSION = YES;
				GCC_WARN_ABOUT_RETURN_TYPE = YES_ERROR;
				GCC_WARN_UNDECLARED_SELECTOR = YES;
				GCC_WARN_UNINITIALIZED_AUTOS = YES_AGGRESSIVE;
				GCC_WARN_UNUSED_FUNCTION = YES;
				GCC_WARN_UNUSED_VARIABLE = YES;
				IPHONEOS_DEPLOYMENT_TARGET = 7.1;
				SDKROOT = iphoneos;
				VALIDATE_PRODUCT = YES;
			};
			name = Release;
		};
		B01BE6A41A8D425F0013D9EA /* Debug */ = {
			isa = XCBuildConfiguration;
			buildSettings = {
				ASSETCATALOG_COMPILER_APPICON_NAME = AppIcon;
				ASSETCATALOG_COMPILER_LAUNCHIMAGE_NAME = LaunchImage;
				CODE_SIGN_IDENTITY = "iPhone Developer";
				"CODE_SIGN_IDENTITY[sdk=iphoneos*]" = "iPhone Developer";
				FRAMEWORK_SEARCH_PATHS = (
					"$(inherited)",
					"$(PROJECT_DIR)",
				);
				GCC_PRECOMPILE_PREFIX_HEADER = YES;
				GCC_PREFIX_HEADER = "SFUnavapp/SFUnavapp-Prefix.pch";
				HEADER_SEARCH_PATHS = (
					"$(inherited)",
					/Applications/Xcode.app/Contents/Developer/Toolchains/XcodeDefault.xctoolchain/usr/include,
					/usr/include/libxml2,
				);
				INFOPLIST_FILE = "SFUnavapp/SFUnavapp-Info.plist";
				PRODUCT_NAME = "$(TARGET_NAME)";
				PROVISIONING_PROFILE = "";
				WRAPPER_EXTENSION = app;
			};
			name = Debug;
		};
		B01BE6A51A8D425F0013D9EA /* Release */ = {
			isa = XCBuildConfiguration;
			buildSettings = {
				ASSETCATALOG_COMPILER_APPICON_NAME = AppIcon;
				ASSETCATALOG_COMPILER_LAUNCHIMAGE_NAME = LaunchImage;
				CODE_SIGN_IDENTITY = "iPhone Developer";
				"CODE_SIGN_IDENTITY[sdk=iphoneos*]" = "iPhone Developer";
				FRAMEWORK_SEARCH_PATHS = (
					"$(inherited)",
					"$(PROJECT_DIR)",
				);
				GCC_PRECOMPILE_PREFIX_HEADER = YES;
				GCC_PREFIX_HEADER = "SFUnavapp/SFUnavapp-Prefix.pch";
				HEADER_SEARCH_PATHS = (
					"$(inherited)",
					/Applications/Xcode.app/Contents/Developer/Toolchains/XcodeDefault.xctoolchain/usr/include,
					/usr/include/libxml2,
				);
				INFOPLIST_FILE = "SFUnavapp/SFUnavapp-Info.plist";
				PRODUCT_NAME = "$(TARGET_NAME)";
				PROVISIONING_PROFILE = "";
				WRAPPER_EXTENSION = app;
			};
			name = Release;
		};
		B01BE6A71A8D425F0013D9EA /* Debug */ = {
			isa = XCBuildConfiguration;
			buildSettings = {
				BUNDLE_LOADER = "$(BUILT_PRODUCTS_DIR)/SFUnavapp.app/SFUnavapp";
				FRAMEWORK_SEARCH_PATHS = (
					"$(SDKROOT)/Developer/Library/Frameworks",
					"$(inherited)",
					"$(DEVELOPER_FRAMEWORKS_DIR)",
				);
				GCC_PRECOMPILE_PREFIX_HEADER = YES;
				GCC_PREFIX_HEADER = "SFUnavapp/SFUnavapp-Prefix.pch";
				GCC_PREPROCESSOR_DEFINITIONS = (
					"DEBUG=1",
					"$(inherited)",
				);
				INFOPLIST_FILE = "SFUnavappTests/SFUnavappTests-Info.plist";
				PRODUCT_NAME = "$(TARGET_NAME)";
				TEST_HOST = "$(BUNDLE_LOADER)";
				WRAPPER_EXTENSION = xctest;
			};
			name = Debug;
		};
		B01BE6A81A8D425F0013D9EA /* Release */ = {
			isa = XCBuildConfiguration;
			buildSettings = {
				BUNDLE_LOADER = "$(BUILT_PRODUCTS_DIR)/SFUnavapp.app/SFUnavapp";
				FRAMEWORK_SEARCH_PATHS = (
					"$(SDKROOT)/Developer/Library/Frameworks",
					"$(inherited)",
					"$(DEVELOPER_FRAMEWORKS_DIR)",
				);
				GCC_PRECOMPILE_PREFIX_HEADER = YES;
				GCC_PREFIX_HEADER = "SFUnavapp/SFUnavapp-Prefix.pch";
				INFOPLIST_FILE = "SFUnavappTests/SFUnavappTests-Info.plist";
				PRODUCT_NAME = "$(TARGET_NAME)";
				TEST_HOST = "$(BUNDLE_LOADER)";
				WRAPPER_EXTENSION = xctest;
			};
			name = Release;
		};
/* End XCBuildConfiguration section */

/* Begin XCConfigurationList section */
		B01BE6691A8D425E0013D9EA /* Build configuration list for PBXProject "SFUnavapp" */ = {
			isa = XCConfigurationList;
			buildConfigurations = (
				B01BE6A11A8D425F0013D9EA /* Debug */,
				B01BE6A21A8D425F0013D9EA /* Release */,
			);
			defaultConfigurationIsVisible = 0;
			defaultConfigurationName = Release;
		};
		B01BE6A31A8D425F0013D9EA /* Build configuration list for PBXNativeTarget "SFUnavapp" */ = {
			isa = XCConfigurationList;
			buildConfigurations = (
				B01BE6A41A8D425F0013D9EA /* Debug */,
				B01BE6A51A8D425F0013D9EA /* Release */,
			);
			defaultConfigurationIsVisible = 0;
			defaultConfigurationName = Release;
		};
		B01BE6A61A8D425F0013D9EA /* Build configuration list for PBXNativeTarget "SFUnavappTests" */ = {
			isa = XCConfigurationList;
			buildConfigurations = (
				B01BE6A71A8D425F0013D9EA /* Debug */,
				B01BE6A81A8D425F0013D9EA /* Release */,
			);
			defaultConfigurationIsVisible = 0;
			defaultConfigurationName = Release;
		};
/* End XCConfigurationList section */
	};
	rootObject = B01BE6661A8D425E0013D9EA /* Project object */;
}
